// !$*UTF8*$!
{
	archiveVersion = 1;
	classes = {
	};
	objectVersion = 46;
	objects = {

/* Begin PBXBuildFile section */
		0091D8F90E81B9330029341E /* OpenGL.framework in Frameworks */ = {isa = PBXBuildFile; fileRef = 0091D8F80E81B9330029341E /* OpenGL.framework */; };
		00B784B30FF439BC000DE1D7 /* Accelerate.framework in Frameworks */ = {isa = PBXBuildFile; fileRef = 00B784AF0FF439BC000DE1D7 /* Accelerate.framework */; };
		00B784B40FF439BC000DE1D7 /* AudioToolbox.framework in Frameworks */ = {isa = PBXBuildFile; fileRef = 00B784B00FF439BC000DE1D7 /* AudioToolbox.framework */; };
		00B784B50FF439BC000DE1D7 /* AudioUnit.framework in Frameworks */ = {isa = PBXBuildFile; fileRef = 00B784B10FF439BC000DE1D7 /* AudioUnit.framework */; };
		00B784B60FF439BC000DE1D7 /* CoreAudio.framework in Frameworks */ = {isa = PBXBuildFile; fileRef = 00B784B20FF439BC000DE1D7 /* CoreAudio.framework */; };
		022EA3D149C64166A65D9FAD /* OscSender.cpp in Sources */ = {isa = PBXBuildFile; fileRef = 83ADC1073962472F9665346B /* OscSender.cpp */; };
		0346D78B01564F08B8F02A3E /* b2Fixture.cpp in Sources */ = {isa = PBXBuildFile; fileRef = 6C22F92E6FB1448EA30A7F29 /* b2Fixture.cpp */; };
		0459A7F7433545FCBF57F91B /* Sampler.cpp in Sources */ = {isa = PBXBuildFile; fileRef = 616D8566763A4760BF341C59 /* Sampler.cpp */; };
		0A326E8BD80C454CB19E69C0 /* b2PrismaticJoint.cpp in Sources */ = {isa = PBXBuildFile; fileRef = FBAFF22D47B94DDDB04E2C8E /* b2PrismaticJoint.cpp */; };
		0BB55F4A58B64F70BFF8AF5C /* b2WorldCallbacks.cpp in Sources */ = {isa = PBXBuildFile; fileRef = E4FD430401AC4AE1BDE328FA /* b2WorldCallbacks.cpp */; };
		0C9E07E5EC71469DABF3FCBB /* TPCircularBuffer.cpp in Sources */ = {isa = PBXBuildFile; fileRef = 55CA520462B14888BD928F4D /* TPCircularBuffer.cpp */; };
		0E1E5266ACE94DE9806BA9A4 /* b2CollidePolygon.cpp in Sources */ = {isa = PBXBuildFile; fileRef = A7C12DA967DC4017A9DAFD54 /* b2CollidePolygon.cpp */; };
		0F2051A9617E462D91843B30 /* b2CollideEdge.cpp in Sources */ = {isa = PBXBuildFile; fileRef = A101F1FC081241F7B5772DE1 /* b2CollideEdge.cpp */; };
		13432E02826444049A055A1A /* b2PolygonShape.cpp in Sources */ = {isa = PBXBuildFile; fileRef = FDCDA793142D4C73AD07B58F /* b2PolygonShape.cpp */; };
		17D26C115A6E44EDA68022F5 /* b2RevoluteJoint.cpp in Sources */ = {isa = PBXBuildFile; fileRef = F6EF7002DF5941C48282A2D0 /* b2RevoluteJoint.cpp */; };
		1A2299083E9D42C998FCA610 /* b2ContactSolver.cpp in Sources */ = {isa = PBXBuildFile; fileRef = 93E23FD8785A44A5B5139E2A /* b2ContactSolver.cpp */; };
		282ED452D4ED44A0BEC221A6 /* OscBundle.cpp in Sources */ = {isa = PBXBuildFile; fileRef = 3524CE127D824C16A54C709F /* OscBundle.cpp */; };
		2AEF26BBE9EF45D397FC419F /* SpeechSynth.cpp in Sources */ = {isa = PBXBuildFile; fileRef = 99441805D71A4B86A7565D30 /* SpeechSynth.cpp */; };
		2B67EE744E99497781FCE2E9 /* BBPulseApp.cpp in Sources */ = {isa = PBXBuildFile; fileRef = 768223C500904861A0B826E8 /* BBPulseApp.cpp */; };
		2CF74ABFF7BE4669897B0AB3 /* b2FrictionJoint.cpp in Sources */ = {isa = PBXBuildFile; fileRef = D59273D5BECA48929821A8BD /* b2FrictionJoint.cpp */; };
		2D9614D810B1409A86614109 /* b2DistanceJoint.cpp in Sources */ = {isa = PBXBuildFile; fileRef = 5DB66D7AF94E4BE29EB03FBB /* b2DistanceJoint.cpp */; };
		31F6C4B0EDCE41A1996CBD7C /* OscMessage.cpp in Sources */ = {isa = PBXBuildFile; fileRef = B3FBE16EC34B40C8B25A2651 /* OscMessage.cpp */; };
		32EC5C2EDEB745D299C64FCE /* Input.cpp in Sources */ = {isa = PBXBuildFile; fileRef = 977DA43984A74994801B5AAD /* Input.cpp */; };
		38B5451C60E74D4DBD432831 /* b2PolygonContact.cpp in Sources */ = {isa = PBXBuildFile; fileRef = CD89D0B0FC0E471F93736DB5 /* b2PolygonContact.cpp */; };
		3AC6260BE71847F0B3E4EA89 /* IpEndpointName.cpp in Sources */ = {isa = PBXBuildFile; fileRef = DF44E05EF32542A9A92297A1 /* IpEndpointName.cpp */; };
		419814D526DB4FFABF12B385 /* UdpSocket.cpp in Sources */ = {isa = PBXBuildFile; fileRef = 142D46B436B445AF82A9BAF8 /* UdpSocket.cpp */; };
		445F4D76248C4CAB8E578E62 /* Carbon.framework in Frameworks */ = {isa = PBXBuildFile; fileRef = EFAD955DCA1F4CE9A1F81E81 /* Carbon.framework */; };
		4AA665563C594DDCB3EA9DE4 /* b2EdgeAndCircleContact.cpp in Sources */ = {isa = PBXBuildFile; fileRef = 80A52CC405C1412DA7168020 /* b2EdgeAndCircleContact.cpp */; };
		4B2EF2105E054E668FA075E2 /* b2TimeOfImpact.cpp in Sources */ = {isa = PBXBuildFile; fileRef = 7A0835F457B44B59B8B7AE1C /* b2TimeOfImpact.cpp */; };
		5323E6B20EAFCA74003A9687 /* CoreVideo.framework in Frameworks */ = {isa = PBXBuildFile; fileRef = 5323E6B10EAFCA74003A9687 /* CoreVideo.framework */; };
		5323E6B60EAFCA7E003A9687 /* QTKit.framework in Frameworks */ = {isa = PBXBuildFile; fileRef = 5323E6B50EAFCA7E003A9687 /* QTKit.framework */; };
		5ACE48FF8B774790979783AE /* OscOutboundPacketStream.cpp in Sources */ = {isa = PBXBuildFile; fileRef = B7C944D9FA674C1FB3D49119 /* OscOutboundPacketStream.cpp */; };
		5B902F877AB6421C99EDBD41 /* b2BroadPhase.cpp in Sources */ = {isa = PBXBuildFile; fileRef = BAB23E0E75CE44DFA9C3361B /* b2BroadPhase.cpp */; };
		5E1C5C361A7F417AA814795A /* CinderApp.icns in Resources */ = {isa = PBXBuildFile; fileRef = B971C8EFE53F476AA66B7271 /* CinderApp.icns */; };
		612E2B5B5DB546458BC6F3A8 /* b2GearJoint.cpp in Sources */ = {isa = PBXBuildFile; fileRef = B9057FBB3829466BB3FAC7CB /* b2GearJoint.cpp */; };
		63651A0998F34761825871B2 /* b2ChainAndPolygonContact.cpp in Sources */ = {isa = PBXBuildFile; fileRef = F18BC740F148481894DB0AB4 /* b2ChainAndPolygonContact.cpp */; };
		6765061698EA498AA976D313 /* b2MouseJoint.cpp in Sources */ = {isa = PBXBuildFile; fileRef = 2742BE4FE4D04910A4F4A67A /* b2MouseJoint.cpp */; };
		6BB121C69B184E1483CB86A2 /* Tap.cpp in Sources */ = {isa = PBXBuildFile; fileRef = D2270101B53043E2A1AC3138 /* Tap.cpp */; };
		6BE91BBDAB7E4B1CAF9A20F9 /* b2CircleContact.cpp in Sources */ = {isa = PBXBuildFile; fileRef = 542B081387BD47A18964C456 /* b2CircleContact.cpp */; };
		76002B66D9C446D6B4D0CD4D /* b2Settings.cpp in Sources */ = {isa = PBXBuildFile; fileRef = 98F091F0B76B477DA9FF7D4B /* b2Settings.cpp */; };
		7856D910E2B9423B9F018837 /* NetSend.cpp in Sources */ = {isa = PBXBuildFile; fileRef = FBF65C14EF1244F8B266F540 /* NetSend.cpp */; };
		7A91942D5C5647A0AAFA6A6C /* b2Math.cpp in Sources */ = {isa = PBXBuildFile; fileRef = 3496A0CDA3254EFCA3EAFA38 /* b2Math.cpp */; };
		7EBAB48F3944482F96B6010F /* OscReceivedElements.cpp in Sources */ = {isa = PBXBuildFile; fileRef = 00DC29E46B0A4EF28CC736F2 /* OscReceivedElements.cpp */; };
		86BCE8FDA44F460FAAFDEF0B /* b2CircleShape.cpp in Sources */ = {isa = PBXBuildFile; fileRef = F8742476C27C40069296FD92 /* b2CircleShape.cpp */; };
		8C9BA37E5CBA4BEEA1391951 /* b2ChainAndCircleContact.cpp in Sources */ = {isa = PBXBuildFile; fileRef = 93B6F2F84D3447F0A15FB50F /* b2ChainAndCircleContact.cpp */; };
		8D11072F0486CEB800E47090 /* Cocoa.framework in Frameworks */ = {isa = PBXBuildFile; fileRef = 1058C7A1FEA54F0111CA2CBB /* Cocoa.framework */; };
		8DF5E3D118ACD05700ABC729 /* Syphon.framework in Frameworks */ = {isa = PBXBuildFile; fileRef = 8DF5E3CE18ACD05700ABC729 /* Syphon.framework */; };
		8DF5E3D218ACD05700ABC729 /* SyphonNameboundClient.m in Sources */ = {isa = PBXBuildFile; fileRef = 8DF5E3D018ACD05700ABC729 /* SyphonNameboundClient.m */; };
		8DF5E3D418ACD06000ABC729 /* README in Resources */ = {isa = PBXBuildFile; fileRef = 8DF5E3D318ACD06000ABC729 /* README */; };
		8DF5E3DB18ACD06600ABC729 /* syphonClient.mm in Sources */ = {isa = PBXBuildFile; fileRef = 8DF5E3D818ACD06600ABC729 /* syphonClient.mm */; };
		8DF5E3DC18ACD06600ABC729 /* syphonServer.mm in Sources */ = {isa = PBXBuildFile; fileRef = 8DF5E3DA18ACD06600ABC729 /* syphonServer.mm */; };
		8DF5E3DE18ACD07D00ABC729 /* Syphon.framework in CopyFiles */ = {isa = PBXBuildFile; fileRef = 8DF5E3CE18ACD05700ABC729 /* Syphon.framework */; };
		8F8D3457F8934D28BB4B581F /* OscListener.cpp in Sources */ = {isa = PBXBuildFile; fileRef = F9563DFAB457410390E49EE6 /* OscListener.cpp */; };
		94414E8BFA92431B8FF99F20 /* b2PolygonAndCircleContact.cpp in Sources */ = {isa = PBXBuildFile; fileRef = BB893BE5787E4C12B938B483 /* b2PolygonAndCircleContact.cpp */; };
		9B077E5A79E04552BE07AFB8 /* b2Distance.cpp in Sources */ = {isa = PBXBuildFile; fileRef = 1E3576653D1640A8B2FBF39F /* b2Distance.cpp */; };
		9ED41F0BE5AF429699C685E7 /* b2CollideCircle.cpp in Sources */ = {isa = PBXBuildFile; fileRef = 2C0FC6EC1E7540FA9E63EE64 /* b2CollideCircle.cpp */; };
		9EF69FA9AB274A0CA3B0EF20 /* b2DynamicTree.cpp in Sources */ = {isa = PBXBuildFile; fileRef = FA64B522357243A08A97AC78 /* b2DynamicTree.cpp */; };
		A03D16D1B3D2412EA5AE798A /* b2Collision.cpp in Sources */ = {isa = PBXBuildFile; fileRef = 912C462E48B44A59A2015561 /* b2Collision.cpp */; };
		A11DC909A4154331A0067752 /* b2EdgeAndPolygonContact.cpp in Sources */ = {isa = PBXBuildFile; fileRef = CD806B6367314589A6F49A36 /* b2EdgeAndPolygonContact.cpp */; };
		A195EAF16BA440C3AF817F62 /* Mixer.cpp in Sources */ = {isa = PBXBuildFile; fileRef = B592B8F2D0A14259A5F5EC8C /* Mixer.cpp */; };
		AA751CDB0E1B4CBC8FA46E55 /* Output.cpp in Sources */ = {isa = PBXBuildFile; fileRef = 74076DCF18CB43D0956452C1 /* Output.cpp */; };
		AC130C87B72E47359DCA415D /* b2Draw.cpp in Sources */ = {isa = PBXBuildFile; fileRef = 29A543E061284CE9BC923F69 /* b2Draw.cpp */; };
		AD329715FFAE4099B8A6B58B /* b2PulleyJoint.cpp in Sources */ = {isa = PBXBuildFile; fileRef = EAFE7EFA1DBB4D2B87ABE55A /* b2PulleyJoint.cpp */; };
		B1DF3085EA3749D99BB9F132 /* b2Joint.cpp in Sources */ = {isa = PBXBuildFile; fileRef = F80225ACEEDF4339997AE91B /* b2Joint.cpp */; };
		B6516A822B7542E0961DB5C3 /* b2ChainShape.cpp in Sources */ = {isa = PBXBuildFile; fileRef = 5BCEE42DD3EE4D7BB0D55C0E /* b2ChainShape.cpp */; };
		B695D0CB5EEC4BD4AC18ACE8 /* NetworkingUtils.cpp in Sources */ = {isa = PBXBuildFile; fileRef = 4E92FEFCD777405E89CBD6F7 /* NetworkingUtils.cpp */; };
		B74B277E4FC244588355E591 /* NetReceive.cpp in Sources */ = {isa = PBXBuildFile; fileRef = 25D6CAA1E84E4A728F3A3627 /* NetReceive.cpp */; };
		BC8278D70E424942862D5EC3 /* b2StackAllocator.cpp in Sources */ = {isa = PBXBuildFile; fileRef = FA96D95999F74AE7B6EAF0DC /* b2StackAllocator.cpp */; };
		C36DB053471541BBAD6E6E58 /* GUI.mm in Sources */ = {isa = PBXBuildFile; fileRef = A2130F38076C4822970F7AD2 /* GUI.mm */; };
		C74320092A474097B6A249D5 /* CoreMidi.framework in Frameworks */ = {isa = PBXBuildFile; fileRef = 9522DFA7DDC446559BD7784D /* CoreMidi.framework */; };
		C8C9FCBBBE3B424C9584AA00 /* b2RopeJoint.cpp in Sources */ = {isa = PBXBuildFile; fileRef = E19D75D29AA74E00BE6E4F2B /* b2RopeJoint.cpp */; };
		C949BAE9AF984D5B9BBBB345 /* b2Rope.cpp in Sources */ = {isa = PBXBuildFile; fileRef = 68769FF76C034B0DBDCFD334 /* b2Rope.cpp */; };
		CCB4705056064269A8CDFF47 /* b2WeldJoint.cpp in Sources */ = {isa = PBXBuildFile; fileRef = 15C29952FE4B48BCA139ADE6 /* b2WeldJoint.cpp */; };
		CE20E494A777422B9426476A /* OscPrintReceivedElements.cpp in Sources */ = {isa = PBXBuildFile; fileRef = D78E0565788C47E19C00A407 /* OscPrintReceivedElements.cpp */; };
		CEE0BFE8BE444E89BBC2D077 /* b2EdgeShape.cpp in Sources */ = {isa = PBXBuildFile; fileRef = 1DE88CB3B4724B899529EB16 /* b2EdgeShape.cpp */; };
		D13D4A32A36C44958577F446 /* b2World.cpp in Sources */ = {isa = PBXBuildFile; fileRef = A33BE41E429E4C95B4AE1A62 /* b2World.cpp */; };
		D16103D993794BF9B56B250D /* OscTypes.cpp in Sources */ = {isa = PBXBuildFile; fileRef = EE7797E6397243928EC16D9A /* OscTypes.cpp */; };
		D26BB2A89A884CD9AA0B12C1 /* b2WheelJoint.cpp in Sources */ = {isa = PBXBuildFile; fileRef = A55FD6F222654AB4B8065882 /* b2WheelJoint.cpp */; };
		D77FA6B35286492FA3BEC593 /* b2ContactManager.cpp in Sources */ = {isa = PBXBuildFile; fileRef = 3B7BA3A69E4D456DBDAAFBDB /* b2ContactManager.cpp */; };
		DB0618FF01984DC9828BE013 /* CoreAudioKit.framework in Frameworks */ = {isa = PBXBuildFile; fileRef = 6E3EB43C33494012AF8D1BED /* CoreAudioKit.framework */; };
		DF2AC4B8BEF846E89DADA719 /* Midi.cpp in Sources */ = {isa = PBXBuildFile; fileRef = 94E33204F11C4483AB019790 /* Midi.cpp */; };
		E1480F2040034F95AA12F816 /* GenericUnit.cpp in Sources */ = {isa = PBXBuildFile; fileRef = 53C272B35FFF47EA82CB9D30 /* GenericUnit.cpp */; };
		E16053AFE86543B08E31F2F9 /* b2Body.cpp in Sources */ = {isa = PBXBuildFile; fileRef = FCFAD58A3B534F47B09CE4C4 /* b2Body.cpp */; };
		E5DC8586DF5A46C0A662A91C /* b2Contact.cpp in Sources */ = {isa = PBXBuildFile; fileRef = 0C3BC8971023430E8894006A /* b2Contact.cpp */; };
		EBA7F4A28F3A4367A434B400 /* b2Island.cpp in Sources */ = {isa = PBXBuildFile; fileRef = 3018FBBFC094454DA5C47251 /* b2Island.cpp */; };
		ECD20AA749A14AD7B38C0128 /* b2Timer.cpp in Sources */ = {isa = PBXBuildFile; fileRef = 1817EC6F9B594DC7AB07EFB9 /* b2Timer.cpp */; };
		F0DD490930CB40D2A60B1ACE /* b2BlockAllocator.cpp in Sources */ = {isa = PBXBuildFile; fileRef = 9FFB91BD64164E98969248A0 /* b2BlockAllocator.cpp */; };
		F11F858DBF0C4EBE9551EB0A /* FilePlayer.cpp in Sources */ = {isa = PBXBuildFile; fileRef = 1B4744DC56FB4ABDBF251E5D /* FilePlayer.cpp */; };
/* End PBXBuildFile section */

/* Begin PBXCopyFilesBuildPhase section */
		8DF5E3DD18ACD07400ABC729 /* CopyFiles */ = {
			isa = PBXCopyFilesBuildPhase;
			buildActionMask = 2147483647;
			dstPath = "";
			dstSubfolderSpec = 10;
			files = (
				8DF5E3DE18ACD07D00ABC729 /* Syphon.framework in CopyFiles */,
			);
			runOnlyForDeploymentPostprocessing = 0;
		};
/* End PBXCopyFilesBuildPhase section */

/* Begin PBXFileReference section */
		0091D8F80E81B9330029341E /* OpenGL.framework */ = {isa = PBXFileReference; lastKnownFileType = wrapper.framework; name = OpenGL.framework; path = /System/Library/Frameworks/OpenGL.framework; sourceTree = "<absolute>"; };
		00B784AF0FF439BC000DE1D7 /* Accelerate.framework */ = {isa = PBXFileReference; lastKnownFileType = wrapper.framework; name = Accelerate.framework; path = System/Library/Frameworks/Accelerate.framework; sourceTree = SDKROOT; };
		00B784B00FF439BC000DE1D7 /* AudioToolbox.framework */ = {isa = PBXFileReference; lastKnownFileType = wrapper.framework; name = AudioToolbox.framework; path = System/Library/Frameworks/AudioToolbox.framework; sourceTree = SDKROOT; };
		00B784B10FF439BC000DE1D7 /* AudioUnit.framework */ = {isa = PBXFileReference; lastKnownFileType = wrapper.framework; name = AudioUnit.framework; path = System/Library/Frameworks/AudioUnit.framework; sourceTree = SDKROOT; };
		00B784B20FF439BC000DE1D7 /* CoreAudio.framework */ = {isa = PBXFileReference; lastKnownFileType = wrapper.framework; name = CoreAudio.framework; path = System/Library/Frameworks/CoreAudio.framework; sourceTree = SDKROOT; };
		00DC29E46B0A4EF28CC736F2 /* OscReceivedElements.cpp */ = {isa = PBXFileReference; lastKnownFileType = sourcecode.c.cpp; name = OscReceivedElements.cpp; path = ../blocks/OSC/src/osc/OscReceivedElements.cpp; sourceTree = "<group>"; };
		0179FF836B0F4BF0B819F292 /* b2ContactManager.h */ = {isa = PBXFileReference; lastKnownFileType = sourcecode.c.h; name = b2ContactManager.h; path = ../blocks/Box2D/src/Box2D/Dynamics/b2ContactManager.h; sourceTree = "<group>"; };
		02E7198666B54494ACD36542 /* b2ChainAndCircleContact.h */ = {isa = PBXFileReference; lastKnownFileType = sourcecode.c.h; name = b2ChainAndCircleContact.h; path = ../blocks/Box2D/src/Box2D/Dynamics/Contacts/b2ChainAndCircleContact.h; sourceTree = "<group>"; };
		0745C667C9EF49B3B1D2D282 /* OscListener.h */ = {isa = PBXFileReference; lastKnownFileType = sourcecode.c.h; name = OscListener.h; path = ../blocks/OSC/src/OscListener.h; sourceTree = "<group>"; };
		0C3BC8971023430E8894006A /* b2Contact.cpp */ = {isa = PBXFileReference; lastKnownFileType = sourcecode.c.cpp; name = b2Contact.cpp; path = ../blocks/Box2D/src/Box2D/Dynamics/Contacts/b2Contact.cpp; sourceTree = "<group>"; };
		0EE60AFBC42D49DD94C78ED1 /* TimerListener.h */ = {isa = PBXFileReference; lastKnownFileType = sourcecode.c.h; name = TimerListener.h; path = ../blocks/OSC/src/ip/TimerListener.h; sourceTree = "<group>"; };
		1058C7A1FEA54F0111CA2CBB /* Cocoa.framework */ = {isa = PBXFileReference; lastKnownFileType = wrapper.framework; name = Cocoa.framework; path = /System/Library/Frameworks/Cocoa.framework; sourceTree = "<absolute>"; };
		142D46B436B445AF82A9BAF8 /* UdpSocket.cpp */ = {isa = PBXFileReference; lastKnownFileType = sourcecode.c.cpp; name = UdpSocket.cpp; path = ../blocks/OSC/src/ip/posix/UdpSocket.cpp; sourceTree = "<group>"; };
		15C29952FE4B48BCA139ADE6 /* b2WeldJoint.cpp */ = {isa = PBXFileReference; lastKnownFileType = sourcecode.c.cpp; name = b2WeldJoint.cpp; path = ../blocks/Box2D/src/Box2D/Dynamics/Joints/b2WeldJoint.cpp; sourceTree = "<group>"; };
		15CD63B76B6B4061A5A66D09 /* b2FrictionJoint.h */ = {isa = PBXFileReference; lastKnownFileType = sourcecode.c.h; name = b2FrictionJoint.h; path = ../blocks/Box2D/src/Box2D/Dynamics/Joints/b2FrictionJoint.h; sourceTree = "<group>"; };
		15E620D789D841E4AA912485 /* OscTypes.h */ = {isa = PBXFileReference; lastKnownFileType = sourcecode.c.h; name = OscTypes.h; path = ../blocks/OSC/src/osc/OscTypes.h; sourceTree = "<group>"; };
		1817EC6F9B594DC7AB07EFB9 /* b2Timer.cpp */ = {isa = PBXFileReference; lastKnownFileType = sourcecode.c.cpp; name = b2Timer.cpp; path = ../blocks/Box2D/src/Box2D/Common/b2Timer.cpp; sourceTree = "<group>"; };
		18F3EEF2707048DEB8B4B1D8 /* OscSender.h */ = {isa = PBXFileReference; lastKnownFileType = sourcecode.c.h; name = OscSender.h; path = ../blocks/OSC/src/OscSender.h; sourceTree = "<group>"; };
		1B4744DC56FB4ABDBF251E5D /* FilePlayer.cpp */ = {isa = PBXFileReference; lastKnownFileType = sourcecode.c.cpp; name = FilePlayer.cpp; path = ../blocks/AudioUnit/src/FilePlayer.cpp; sourceTree = "<group>"; };
		1BA6C4DC15BC43AEAF09F29E /* OscBundle.h */ = {isa = PBXFileReference; lastKnownFileType = sourcecode.c.h; name = OscBundle.h; path = ../blocks/OSC/src/OscBundle.h; sourceTree = "<group>"; };
		1BEF1136CD344B5C8AE76942 /* OscOutboundPacketStream.h */ = {isa = PBXFileReference; lastKnownFileType = sourcecode.c.h; name = OscOutboundPacketStream.h; path = ../blocks/OSC/src/osc/OscOutboundPacketStream.h; sourceTree = "<group>"; };
		1DE88CB3B4724B899529EB16 /* b2EdgeShape.cpp */ = {isa = PBXFileReference; lastKnownFileType = sourcecode.c.cpp; name = b2EdgeShape.cpp; path = ../blocks/Box2D/src/Box2D/Collision/Shapes/b2EdgeShape.cpp; sourceTree = "<group>"; };
		1E3576653D1640A8B2FBF39F /* b2Distance.cpp */ = {isa = PBXFileReference; lastKnownFileType = sourcecode.c.cpp; name = b2Distance.cpp; path = ../blocks/Box2D/src/Box2D/Collision/b2Distance.cpp; sourceTree = "<group>"; };
		2094D91414A64E92902FC304 /* b2ChainShape.h */ = {isa = PBXFileReference; lastKnownFileType = sourcecode.c.h; name = b2ChainShape.h; path = ../blocks/Box2D/src/Box2D/Collision/Shapes/b2ChainShape.h; sourceTree = "<group>"; };
		25D6CAA1E84E4A728F3A3627 /* NetReceive.cpp */ = {isa = PBXFileReference; lastKnownFileType = sourcecode.c.cpp; name = NetReceive.cpp; path = ../blocks/AudioUnit/src/NetReceive.cpp; sourceTree = "<group>"; };
		25D7C4F67FB144E4A7DFDF94 /* b2RopeJoint.h */ = {isa = PBXFileReference; lastKnownFileType = sourcecode.c.h; name = b2RopeJoint.h; path = ../blocks/Box2D/src/Box2D/Dynamics/Joints/b2RopeJoint.h; sourceTree = "<group>"; };
		271CEC96198C4F2D8454E2D5 /* b2Fixture.h */ = {isa = PBXFileReference; lastKnownFileType = sourcecode.c.h; name = b2Fixture.h; path = ../blocks/Box2D/src/Box2D/Dynamics/b2Fixture.h; sourceTree = "<group>"; };
		2742BE4FE4D04910A4F4A67A /* b2MouseJoint.cpp */ = {isa = PBXFileReference; lastKnownFileType = sourcecode.c.cpp; name = b2MouseJoint.cpp; path = ../blocks/Box2D/src/Box2D/Dynamics/Joints/b2MouseJoint.cpp; sourceTree = "<group>"; };
		29A543E061284CE9BC923F69 /* b2Draw.cpp */ = {isa = PBXFileReference; lastKnownFileType = sourcecode.c.cpp; name = b2Draw.cpp; path = ../blocks/Box2D/src/Box2D/Common/b2Draw.cpp; sourceTree = "<group>"; };
		29B97324FDCFA39411CA2CEA /* AppKit.framework */ = {isa = PBXFileReference; lastKnownFileType = wrapper.framework; name = AppKit.framework; path = /System/Library/Frameworks/AppKit.framework; sourceTree = "<absolute>"; };
		29B97325FDCFA39411CA2CEA /* Foundation.framework */ = {isa = PBXFileReference; lastKnownFileType = wrapper.framework; name = Foundation.framework; path = /System/Library/Frameworks/Foundation.framework; sourceTree = "<absolute>"; };
		2C0FC6EC1E7540FA9E63EE64 /* b2CollideCircle.cpp */ = {isa = PBXFileReference; lastKnownFileType = sourcecode.c.cpp; name = b2CollideCircle.cpp; path = ../blocks/Box2D/src/Box2D/Collision/b2CollideCircle.cpp; sourceTree = "<group>"; };
		2C2C3C4E8B4D492583789B89 /* b2WorldCallbacks.h */ = {isa = PBXFileReference; lastKnownFileType = sourcecode.c.h; name = b2WorldCallbacks.h; path = ../blocks/Box2D/src/Box2D/Dynamics/b2WorldCallbacks.h; sourceTree = "<group>"; };
		3018FBBFC094454DA5C47251 /* b2Island.cpp */ = {isa = PBXFileReference; lastKnownFileType = sourcecode.c.cpp; name = b2Island.cpp; path = ../blocks/Box2D/src/Box2D/Dynamics/b2Island.cpp; sourceTree = "<group>"; };
		319E691789D04FDA9EDCDA84 /* OscHostEndianness.h */ = {isa = PBXFileReference; lastKnownFileType = sourcecode.c.h; name = OscHostEndianness.h; path = ../blocks/OSC/src/osc/OscHostEndianness.h; sourceTree = "<group>"; };
		334446809BFB4686B8E0BB8E /* GenericUnitSubclasses.h */ = {isa = PBXFileReference; lastKnownFileType = sourcecode.c.h; name = GenericUnitSubclasses.h; path = ../blocks/AudioUnit/src/GenericUnitSubclasses.h; sourceTree = "<group>"; };
		3496A0CDA3254EFCA3EAFA38 /* b2Math.cpp */ = {isa = PBXFileReference; lastKnownFileType = sourcecode.c.cpp; name = b2Math.cpp; path = ../blocks/Box2D/src/Box2D/Common/b2Math.cpp; sourceTree = "<group>"; };
		3524CE127D824C16A54C709F /* OscBundle.cpp */ = {isa = PBXFileReference; lastKnownFileType = sourcecode.c.cpp; name = OscBundle.cpp; path = ../blocks/OSC/src/OscBundle.cpp; sourceTree = "<group>"; };
		381B95311D7344A7832A9D48 /* PacketListener.h */ = {isa = PBXFileReference; lastKnownFileType = sourcecode.c.h; name = PacketListener.h; path = ../blocks/OSC/src/ip/PacketListener.h; sourceTree = "<group>"; };
		39A69A0B66094144BC417559 /* b2Shape.h */ = {isa = PBXFileReference; lastKnownFileType = sourcecode.c.h; name = b2Shape.h; path = ../blocks/Box2D/src/Box2D/Collision/Shapes/b2Shape.h; sourceTree = "<group>"; };
		3A1DCCC93F3D426F957B0FF4 /* b2ContactSolver.h */ = {isa = PBXFileReference; lastKnownFileType = sourcecode.c.h; name = b2ContactSolver.h; path = ../blocks/Box2D/src/Box2D/Dynamics/Contacts/b2ContactSolver.h; sourceTree = "<group>"; };
		3B7BA3A69E4D456DBDAAFBDB /* b2ContactManager.cpp */ = {isa = PBXFileReference; lastKnownFileType = sourcecode.c.cpp; name = b2ContactManager.cpp; path = ../blocks/Box2D/src/Box2D/Dynamics/b2ContactManager.cpp; sourceTree = "<group>"; };
		3E8A7F0D796249BE9B0062E6 /* b2Collision.h */ = {isa = PBXFileReference; lastKnownFileType = sourcecode.c.h; name = b2Collision.h; path = ../blocks/Box2D/src/Box2D/Collision/b2Collision.h; sourceTree = "<group>"; };
		3EA148B37DD34A90906A8DA3 /* AudioUnit.h */ = {isa = PBXFileReference; lastKnownFileType = sourcecode.c.h; name = AudioUnit.h; path = ../blocks/AudioUnit/include/AudioUnit.h; sourceTree = "<group>"; };
		3EE02723C19846BAA84E3A4A /* TPCircularBuffer.h */ = {isa = PBXFileReference; lastKnownFileType = sourcecode.c.h; name = TPCircularBuffer.h; path = ../blocks/AudioUnit/src/TPCircularBuffer/TPCircularBuffer.h; sourceTree = "<group>"; };
		431A0ADC01FA47CEA2692917 /* b2World.h */ = {isa = PBXFileReference; lastKnownFileType = sourcecode.c.h; name = b2World.h; path = ../blocks/Box2D/src/Box2D/Dynamics/b2World.h; sourceTree = "<group>"; };
		44D5DC59830741B2A4978E50 /* b2PolygonContact.h */ = {isa = PBXFileReference; lastKnownFileType = sourcecode.c.h; name = b2PolygonContact.h; path = ../blocks/Box2D/src/Box2D/Dynamics/Contacts/b2PolygonContact.h; sourceTree = "<group>"; };
		44E13BB04C0E4272BBF9220C /* Box2d.h */ = {isa = PBXFileReference; lastKnownFileType = sourcecode.c.h; name = Box2d.h; path = ../blocks/Box2D/src/Box2D/Box2d.h; sourceTree = "<group>"; };
		45992659F11E40FA89DA316E /* NetworkingUtils.h */ = {isa = PBXFileReference; lastKnownFileType = sourcecode.c.h; name = NetworkingUtils.h; path = ../blocks/OSC/src/ip/NetworkingUtils.h; sourceTree = "<group>"; };
		48550797452C4ED29F06E540 /* b2TimeOfImpact.h */ = {isa = PBXFileReference; lastKnownFileType = sourcecode.c.h; name = b2TimeOfImpact.h; path = ../blocks/Box2D/src/Box2D/Collision/b2TimeOfImpact.h; sourceTree = "<group>"; };
		4E92FEFCD777405E89CBD6F7 /* NetworkingUtils.cpp */ = {isa = PBXFileReference; lastKnownFileType = sourcecode.c.cpp; name = NetworkingUtils.cpp; path = ../blocks/OSC/src/ip/posix/NetworkingUtils.cpp; sourceTree = "<group>"; };
		5323E6B10EAFCA74003A9687 /* CoreVideo.framework */ = {isa = PBXFileReference; lastKnownFileType = wrapper.framework; name = CoreVideo.framework; path = /System/Library/Frameworks/CoreVideo.framework; sourceTree = "<absolute>"; };
		5323E6B50EAFCA7E003A9687 /* QTKit.framework */ = {isa = PBXFileReference; lastKnownFileType = wrapper.framework; name = QTKit.framework; path = /System/Library/Frameworks/QTKit.framework; sourceTree = "<absolute>"; };
		53C272B35FFF47EA82CB9D30 /* GenericUnit.cpp */ = {isa = PBXFileReference; lastKnownFileType = sourcecode.c.cpp; name = GenericUnit.cpp; path = ../blocks/AudioUnit/src/GenericUnit.cpp; sourceTree = "<group>"; };
		542B081387BD47A18964C456 /* b2CircleContact.cpp */ = {isa = PBXFileReference; lastKnownFileType = sourcecode.c.cpp; name = b2CircleContact.cpp; path = ../blocks/Box2D/src/Box2D/Dynamics/Contacts/b2CircleContact.cpp; sourceTree = "<group>"; };
		55CA520462B14888BD928F4D /* TPCircularBuffer.cpp */ = {isa = PBXFileReference; lastKnownFileType = sourcecode.c.cpp; name = TPCircularBuffer.cpp; path = ../blocks/AudioUnit/src/TPCircularBuffer/TPCircularBuffer.cpp; sourceTree = "<group>"; };
		56264D5E143144DAA235ECF7 /* BBPulse_Prefix.pch */ = {isa = PBXFileReference; lastKnownFileType = "\"\""; path = BBPulse_Prefix.pch; sourceTree = "<group>"; };
		5B43A4652B9F4FF786D2C4C8 /* b2EdgeShape.h */ = {isa = PBXFileReference; lastKnownFileType = sourcecode.c.h; name = b2EdgeShape.h; path = ../blocks/Box2D/src/Box2D/Collision/Shapes/b2EdgeShape.h; sourceTree = "<group>"; };
		5BCEE42DD3EE4D7BB0D55C0E /* b2ChainShape.cpp */ = {isa = PBXFileReference; lastKnownFileType = sourcecode.c.cpp; name = b2ChainShape.cpp; path = ../blocks/Box2D/src/Box2D/Collision/Shapes/b2ChainShape.cpp; sourceTree = "<group>"; };
		5C7DBF6C0BE24D7CA49122A9 /* AudioUnitUtils.h */ = {isa = PBXFileReference; lastKnownFileType = sourcecode.c.h; name = AudioUnitUtils.h; path = ../blocks/AudioUnit/src/AudioUnitUtils.h; sourceTree = "<group>"; };
		5DB66D7AF94E4BE29EB03FBB /* b2DistanceJoint.cpp */ = {isa = PBXFileReference; lastKnownFileType = sourcecode.c.cpp; name = b2DistanceJoint.cpp; path = ../blocks/Box2D/src/Box2D/Dynamics/Joints/b2DistanceJoint.cpp; sourceTree = "<group>"; };
		616D8566763A4760BF341C59 /* Sampler.cpp */ = {isa = PBXFileReference; lastKnownFileType = sourcecode.c.cpp; name = Sampler.cpp; path = ../blocks/AudioUnit/src/Sampler.cpp; sourceTree = "<group>"; };
		64645D2D0CC44A28BB97EEDB /* b2Distance.h */ = {isa = PBXFileReference; lastKnownFileType = sourcecode.c.h; name = b2Distance.h; path = ../blocks/Box2D/src/Box2D/Collision/b2Distance.h; sourceTree = "<group>"; };
		670AC8615327411E8324DD4B /* b2PrismaticJoint.h */ = {isa = PBXFileReference; lastKnownFileType = sourcecode.c.h; name = b2PrismaticJoint.h; path = ../blocks/Box2D/src/Box2D/Dynamics/Joints/b2PrismaticJoint.h; sourceTree = "<group>"; };
		68769FF76C034B0DBDCFD334 /* b2Rope.cpp */ = {isa = PBXFileReference; lastKnownFileType = sourcecode.c.cpp; name = b2Rope.cpp; path = ../blocks/Box2D/src/Box2D/Rope/b2Rope.cpp; sourceTree = "<group>"; };
		699F04D1B0334A6FA6C30463 /* AudioUnitTap.h */ = {isa = PBXFileReference; lastKnownFileType = sourcecode.c.h; name = AudioUnitTap.h; path = ../blocks/AudioUnit/src/AudioUnitTap.h; sourceTree = "<group>"; };
		69EF4D92892A46ED8E71A972 /* b2TimeStep.h */ = {isa = PBXFileReference; lastKnownFileType = sourcecode.c.h; name = b2TimeStep.h; path = ../blocks/Box2D/src/Box2D/Dynamics/b2TimeStep.h; sourceTree = "<group>"; };
		6C22F92E6FB1448EA30A7F29 /* b2Fixture.cpp */ = {isa = PBXFileReference; lastKnownFileType = sourcecode.c.cpp; name = b2Fixture.cpp; path = ../blocks/Box2D/src/Box2D/Dynamics/b2Fixture.cpp; sourceTree = "<group>"; };
		6E3EB43C33494012AF8D1BED /* CoreAudioKit.framework */ = {isa = PBXFileReference; lastKnownFileType = wrapper.framework; name = CoreAudioKit.framework; path = System/Library/Frameworks/CoreAudioKit.framework; sourceTree = SDKROOT; };
		6E7FFD8B368F4503AC7017EF /* Resources.h */ = {isa = PBXFileReference; lastKnownFileType = sourcecode.c.h; name = Resources.h; path = ../include/Resources.h; sourceTree = "<group>"; };
		71A66C0F8BB648F0B3FC708D /* OscMessage.h */ = {isa = PBXFileReference; lastKnownFileType = sourcecode.c.h; name = OscMessage.h; path = ../blocks/OSC/src/OscMessage.h; sourceTree = "<group>"; };
		73C26D78A9EC46FFBAB574B1 /* b2Island.h */ = {isa = PBXFileReference; lastKnownFileType = sourcecode.c.h; name = b2Island.h; path = ../blocks/Box2D/src/Box2D/Dynamics/b2Island.h; sourceTree = "<group>"; };
		74076DCF18CB43D0956452C1 /* Output.cpp */ = {isa = PBXFileReference; lastKnownFileType = sourcecode.c.cpp; name = Output.cpp; path = ../blocks/AudioUnit/src/Output.cpp; sourceTree = "<group>"; };
		75BFE52BADE4496F828E506E /* b2Rope.h */ = {isa = PBXFileReference; lastKnownFileType = sourcecode.c.h; name = b2Rope.h; path = ../blocks/Box2D/src/Box2D/Rope/b2Rope.h; sourceTree = "<group>"; };
		7680AA7BE4244737B0BC5E6E /* b2BlockAllocator.h */ = {isa = PBXFileReference; lastKnownFileType = sourcecode.c.h; name = b2BlockAllocator.h; path = ../blocks/Box2D/src/Box2D/Common/b2BlockAllocator.h; sourceTree = "<group>"; };
		768223C500904861A0B826E8 /* BBPulseApp.cpp */ = {isa = PBXFileReference; lastKnownFileType = sourcecode.c.cpp; name = BBPulseApp.cpp; path = ../src/BBPulseApp.cpp; sourceTree = "<group>"; };
		775E8CBAC97B446A9C7648C7 /* OscPrintReceivedElements.h */ = {isa = PBXFileReference; lastKnownFileType = sourcecode.c.h; name = OscPrintReceivedElements.h; path = ../blocks/OSC/src/osc/OscPrintReceivedElements.h; sourceTree = "<group>"; };
		7A0835F457B44B59B8B7AE1C /* b2TimeOfImpact.cpp */ = {isa = PBXFileReference; lastKnownFileType = sourcecode.c.cpp; name = b2TimeOfImpact.cpp; path = ../blocks/Box2D/src/Box2D/Collision/b2TimeOfImpact.cpp; sourceTree = "<group>"; };
		7C4BC9C6E5244AE7BBE5BF68 /* b2WheelJoint.h */ = {isa = PBXFileReference; lastKnownFileType = sourcecode.c.h; name = b2WheelJoint.h; path = ../blocks/Box2D/src/Box2D/Dynamics/Joints/b2WheelJoint.h; sourceTree = "<group>"; };
		7E0E2152C271498F89919F54 /* b2GrowableStack.h */ = {isa = PBXFileReference; lastKnownFileType = sourcecode.c.h; name = b2GrowableStack.h; path = ../blocks/Box2D/src/Box2D/Common/b2GrowableStack.h; sourceTree = "<group>"; };
		7FC782B5729B4B05AE7B58EC /* MessageMappingOscPacketListener.h */ = {isa = PBXFileReference; lastKnownFileType = sourcecode.c.h; name = MessageMappingOscPacketListener.h; path = ../blocks/OSC/src/osc/MessageMappingOscPacketListener.h; sourceTree = "<group>"; };
		80A52CC405C1412DA7168020 /* b2EdgeAndCircleContact.cpp */ = {isa = PBXFileReference; lastKnownFileType = sourcecode.c.cpp; name = b2EdgeAndCircleContact.cpp; path = ../blocks/Box2D/src/Box2D/Dynamics/Contacts/b2EdgeAndCircleContact.cpp; sourceTree = "<group>"; };
		83ADC1073962472F9665346B /* OscSender.cpp */ = {isa = PBXFileReference; lastKnownFileType = sourcecode.c.cpp; name = OscSender.cpp; path = ../blocks/OSC/src/OscSender.cpp; sourceTree = "<group>"; };
		88C396D9CB524CA19DB8F3BD /* AudioUnitMidi.h */ = {isa = PBXFileReference; lastKnownFileType = sourcecode.c.h; name = AudioUnitMidi.h; path = ../blocks/AudioUnit/src/AudioUnitMidi.h; sourceTree = "<group>"; };
		88D6A0A7D32D492E8E973F3F /* b2StackAllocator.h */ = {isa = PBXFileReference; lastKnownFileType = sourcecode.c.h; name = b2StackAllocator.h; path = ../blocks/Box2D/src/Box2D/Common/b2StackAllocator.h; sourceTree = "<group>"; };
		8AA32F1A81FD40CFB48E5135 /* UdpSocket.h */ = {isa = PBXFileReference; lastKnownFileType = sourcecode.c.h; name = UdpSocket.h; path = ../blocks/OSC/src/ip/UdpSocket.h; sourceTree = "<group>"; };
		8B94528E802D41C092FBD810 /* b2Timer.h */ = {isa = PBXFileReference; lastKnownFileType = sourcecode.c.h; name = b2Timer.h; path = ../blocks/Box2D/src/Box2D/Common/b2Timer.h; sourceTree = "<group>"; };
		8BA0CD610C99494CB116A60A /* b2PulleyJoint.h */ = {isa = PBXFileReference; lastKnownFileType = sourcecode.c.h; name = b2PulleyJoint.h; path = ../blocks/Box2D/src/Box2D/Dynamics/Joints/b2PulleyJoint.h; sourceTree = "<group>"; };
		8D1107320486CEB800E47090 /* BBPulse.app */ = {isa = PBXFileReference; explicitFileType = wrapper.application; includeInIndex = 0; path = BBPulse.app; sourceTree = BUILT_PRODUCTS_DIR; };
		8DF5E3CE18ACD05700ABC729 /* Syphon.framework */ = {isa = PBXFileReference; lastKnownFileType = wrapper.framework; path = Syphon.framework; sourceTree = "<group>"; };
		8DF5E3CF18ACD05700ABC729 /* SyphonNameboundClient.h */ = {isa = PBXFileReference; fileEncoding = 4; lastKnownFileType = sourcecode.c.h; path = SyphonNameboundClient.h; sourceTree = "<group>"; };
		8DF5E3D018ACD05700ABC729 /* SyphonNameboundClient.m */ = {isa = PBXFileReference; fileEncoding = 4; lastKnownFileType = sourcecode.c.objc; path = SyphonNameboundClient.m; sourceTree = "<group>"; };
		8DF5E3D318ACD06000ABC729 /* README */ = {isa = PBXFileReference; fileEncoding = 4; lastKnownFileType = text; path = README; sourceTree = "<group>"; };
		8DF5E3D618ACD06600ABC729 /* cinderSyphon.h */ = {isa = PBXFileReference; fileEncoding = 4; lastKnownFileType = sourcecode.c.h; path = cinderSyphon.h; sourceTree = "<group>"; };
		8DF5E3D718ACD06600ABC729 /* syphonClient.h */ = {isa = PBXFileReference; fileEncoding = 4; lastKnownFileType = sourcecode.c.h; path = syphonClient.h; sourceTree = "<group>"; };
		8DF5E3D818ACD06600ABC729 /* syphonClient.mm */ = {isa = PBXFileReference; fileEncoding = 4; lastKnownFileType = sourcecode.cpp.objcpp; path = syphonClient.mm; sourceTree = "<group>"; };
		8DF5E3D918ACD06600ABC729 /* syphonServer.h */ = {isa = PBXFileReference; fileEncoding = 4; lastKnownFileType = sourcecode.c.h; path = syphonServer.h; sourceTree = "<group>"; };
		8DF5E3DA18ACD06600ABC729 /* syphonServer.mm */ = {isa = PBXFileReference; fileEncoding = 4; lastKnownFileType = sourcecode.cpp.objcpp; path = syphonServer.mm; sourceTree = "<group>"; };
		8E014B35D24A466684FFE45B /* b2EdgeAndPolygonContact.h */ = {isa = PBXFileReference; lastKnownFileType = sourcecode.c.h; name = b2EdgeAndPolygonContact.h; path = ../blocks/Box2D/src/Box2D/Dynamics/Contacts/b2EdgeAndPolygonContact.h; sourceTree = "<group>"; };
		912C462E48B44A59A2015561 /* b2Collision.cpp */ = {isa = PBXFileReference; lastKnownFileType = sourcecode.c.cpp; name = b2Collision.cpp; path = ../blocks/Box2D/src/Box2D/Collision/b2Collision.cpp; sourceTree = "<group>"; };
		930665E2F7EA4DF3B5E0E511 /* b2MouseJoint.h */ = {isa = PBXFileReference; lastKnownFileType = sourcecode.c.h; name = b2MouseJoint.h; path = ../blocks/Box2D/src/Box2D/Dynamics/Joints/b2MouseJoint.h; sourceTree = "<group>"; };
		93B6F2F84D3447F0A15FB50F /* b2ChainAndCircleContact.cpp */ = {isa = PBXFileReference; lastKnownFileType = sourcecode.c.cpp; name = b2ChainAndCircleContact.cpp; path = ../blocks/Box2D/src/Box2D/Dynamics/Contacts/b2ChainAndCircleContact.cpp; sourceTree = "<group>"; };
		93E23FD8785A44A5B5139E2A /* b2ContactSolver.cpp */ = {isa = PBXFileReference; lastKnownFileType = sourcecode.c.cpp; name = b2ContactSolver.cpp; path = ../blocks/Box2D/src/Box2D/Dynamics/Contacts/b2ContactSolver.cpp; sourceTree = "<group>"; };
		94E33204F11C4483AB019790 /* Midi.cpp */ = {isa = PBXFileReference; lastKnownFileType = sourcecode.c.cpp; name = Midi.cpp; path = ../blocks/AudioUnit/src/Midi.cpp; sourceTree = "<group>"; };
		9522DFA7DDC446559BD7784D /* CoreMidi.framework */ = {isa = PBXFileReference; lastKnownFileType = wrapper.framework; name = CoreMidi.framework; path = System/Library/Frameworks/CoreMidi.framework; sourceTree = SDKROOT; };
		9579076FC34E4E7F91E054FC /* GenericUnit.h */ = {isa = PBXFileReference; lastKnownFileType = sourcecode.c.h; name = GenericUnit.h; path = ../blocks/AudioUnit/src/GenericUnit.h; sourceTree = "<group>"; };
		95ED42CDA49A41EAB9851163 /* b2CircleShape.h */ = {isa = PBXFileReference; lastKnownFileType = sourcecode.c.h; name = b2CircleShape.h; path = ../blocks/Box2D/src/Box2D/Collision/Shapes/b2CircleShape.h; sourceTree = "<group>"; };
		977DA43984A74994801B5AAD /* Input.cpp */ = {isa = PBXFileReference; lastKnownFileType = sourcecode.c.cpp; name = Input.cpp; path = ../blocks/AudioUnit/src/Input.cpp; sourceTree = "<group>"; };
		98F091F0B76B477DA9FF7D4B /* b2Settings.cpp */ = {isa = PBXFileReference; lastKnownFileType = sourcecode.c.cpp; name = b2Settings.cpp; path = ../blocks/Box2D/src/Box2D/Common/b2Settings.cpp; sourceTree = "<group>"; };
		99441805D71A4B86A7565D30 /* SpeechSynth.cpp */ = {isa = PBXFileReference; lastKnownFileType = sourcecode.c.cpp; name = SpeechSynth.cpp; path = ../blocks/AudioUnit/src/SpeechSynth.cpp; sourceTree = "<group>"; };
		9CAAA97E0C994B30ADF3F9FC /* b2RevoluteJoint.h */ = {isa = PBXFileReference; lastKnownFileType = sourcecode.c.h; name = b2RevoluteJoint.h; path = ../blocks/Box2D/src/Box2D/Dynamics/Joints/b2RevoluteJoint.h; sourceTree = "<group>"; };
		9D1ED132CF3B4E09B69202AE /* b2GearJoint.h */ = {isa = PBXFileReference; lastKnownFileType = sourcecode.c.h; name = b2GearJoint.h; path = ../blocks/Box2D/src/Box2D/Dynamics/Joints/b2GearJoint.h; sourceTree = "<group>"; };
		9FFB91BD64164E98969248A0 /* b2BlockAllocator.cpp */ = {isa = PBXFileReference; lastKnownFileType = sourcecode.c.cpp; name = b2BlockAllocator.cpp; path = ../blocks/Box2D/src/Box2D/Common/b2BlockAllocator.cpp; sourceTree = "<group>"; };
		A034ED0AF85F4FA79B5C69B1 /* b2PolygonAndCircleContact.h */ = {isa = PBXFileReference; lastKnownFileType = sourcecode.c.h; name = b2PolygonAndCircleContact.h; path = ../blocks/Box2D/src/Box2D/Dynamics/Contacts/b2PolygonAndCircleContact.h; sourceTree = "<group>"; };
		A101F1FC081241F7B5772DE1 /* b2CollideEdge.cpp */ = {isa = PBXFileReference; lastKnownFileType = sourcecode.c.cpp; name = b2CollideEdge.cpp; path = ../blocks/Box2D/src/Box2D/Collision/b2CollideEdge.cpp; sourceTree = "<group>"; };
		A11B8092EA674B0B86E4A2E5 /* b2PolygonShape.h */ = {isa = PBXFileReference; lastKnownFileType = sourcecode.c.h; name = b2PolygonShape.h; path = ../blocks/Box2D/src/Box2D/Collision/Shapes/b2PolygonShape.h; sourceTree = "<group>"; };
		A15B726667CF4701988CE351 /* b2Contact.h */ = {isa = PBXFileReference; lastKnownFileType = sourcecode.c.h; name = b2Contact.h; path = ../blocks/Box2D/src/Box2D/Dynamics/Contacts/b2Contact.h; sourceTree = "<group>"; };
		A2130F38076C4822970F7AD2 /* GUI.mm */ = {isa = PBXFileReference; lastKnownFileType = sourcecode.cpp.objcpp; name = GUI.mm; path = ../blocks/AudioUnit/src/GUI.mm; sourceTree = "<group>"; };
		A33BE41E429E4C95B4AE1A62 /* b2World.cpp */ = {isa = PBXFileReference; lastKnownFileType = sourcecode.c.cpp; name = b2World.cpp; path = ../blocks/Box2D/src/Box2D/Dynamics/b2World.cpp; sourceTree = "<group>"; };
		A55FD6F222654AB4B8065882 /* b2WheelJoint.cpp */ = {isa = PBXFileReference; lastKnownFileType = sourcecode.c.cpp; name = b2WheelJoint.cpp; path = ../blocks/Box2D/src/Box2D/Dynamics/Joints/b2WheelJoint.cpp; sourceTree = "<group>"; };
		A7C12DA967DC4017A9DAFD54 /* b2CollidePolygon.cpp */ = {isa = PBXFileReference; lastKnownFileType = sourcecode.c.cpp; name = b2CollidePolygon.cpp; path = ../blocks/Box2D/src/Box2D/Collision/b2CollidePolygon.cpp; sourceTree = "<group>"; };
		AA60F9CAF5694E4DB3EBE545 /* b2BroadPhase.h */ = {isa = PBXFileReference; lastKnownFileType = sourcecode.c.h; name = b2BroadPhase.h; path = ../blocks/Box2D/src/Box2D/Collision/b2BroadPhase.h; sourceTree = "<group>"; };
		B3AED798B9454EE9A7ECB572 /* AudioUnitTypes.h */ = {isa = PBXFileReference; lastKnownFileType = sourcecode.c.h; name = AudioUnitTypes.h; path = ../blocks/AudioUnit/src/AudioUnitTypes.h; sourceTree = "<group>"; };
		B3FBE16EC34B40C8B25A2651 /* OscMessage.cpp */ = {isa = PBXFileReference; lastKnownFileType = sourcecode.c.cpp; name = OscMessage.cpp; path = ../blocks/OSC/src/OscMessage.cpp; sourceTree = "<group>"; };
		B592B8F2D0A14259A5F5EC8C /* Mixer.cpp */ = {isa = PBXFileReference; lastKnownFileType = sourcecode.c.cpp; name = Mixer.cpp; path = ../blocks/AudioUnit/src/Mixer.cpp; sourceTree = "<group>"; };
		B7C944D9FA674C1FB3D49119 /* OscOutboundPacketStream.cpp */ = {isa = PBXFileReference; lastKnownFileType = sourcecode.c.cpp; name = OscOutboundPacketStream.cpp; path = ../blocks/OSC/src/osc/OscOutboundPacketStream.cpp; sourceTree = "<group>"; };
		B8402E1DD8F44E3EB7A488F5 /* b2WeldJoint.h */ = {isa = PBXFileReference; lastKnownFileType = sourcecode.c.h; name = b2WeldJoint.h; path = ../blocks/Box2D/src/Box2D/Dynamics/Joints/b2WeldJoint.h; sourceTree = "<group>"; };
		B9057FBB3829466BB3FAC7CB /* b2GearJoint.cpp */ = {isa = PBXFileReference; lastKnownFileType = sourcecode.c.cpp; name = b2GearJoint.cpp; path = ../blocks/Box2D/src/Box2D/Dynamics/Joints/b2GearJoint.cpp; sourceTree = "<group>"; };
		B971C8EFE53F476AA66B7271 /* CinderApp.icns */ = {isa = PBXFileReference; lastKnownFileType = image.icns; name = CinderApp.icns; path = ../resources/CinderApp.icns; sourceTree = "<group>"; };
		BAB23E0E75CE44DFA9C3361B /* b2BroadPhase.cpp */ = {isa = PBXFileReference; lastKnownFileType = sourcecode.c.cpp; name = b2BroadPhase.cpp; path = ../blocks/Box2D/src/Box2D/Collision/b2BroadPhase.cpp; sourceTree = "<group>"; };
		BB893BE5787E4C12B938B483 /* b2PolygonAndCircleContact.cpp */ = {isa = PBXFileReference; lastKnownFileType = sourcecode.c.cpp; name = b2PolygonAndCircleContact.cpp; path = ../blocks/Box2D/src/Box2D/Dynamics/Contacts/b2PolygonAndCircleContact.cpp; sourceTree = "<group>"; };
		C2C1AED7774B452AB081F79C /* b2ChainAndPolygonContact.h */ = {isa = PBXFileReference; lastKnownFileType = sourcecode.c.h; name = b2ChainAndPolygonContact.h; path = ../blocks/Box2D/src/Box2D/Dynamics/Contacts/b2ChainAndPolygonContact.h; sourceTree = "<group>"; };
		C4BABDD3DE304EA1944C62BE /* b2DynamicTree.h */ = {isa = PBXFileReference; lastKnownFileType = sourcecode.c.h; name = b2DynamicTree.h; path = ../blocks/Box2D/src/Box2D/Collision/b2DynamicTree.h; sourceTree = "<group>"; };
		CAE4C7AD7EA249DA9F5C9C9C /* IpEndpointName.h */ = {isa = PBXFileReference; lastKnownFileType = sourcecode.c.h; name = IpEndpointName.h; path = ../blocks/OSC/src/ip/IpEndpointName.h; sourceTree = "<group>"; };
		CB4715DDBCB44598B6F2AB84 /* OscArg.h */ = {isa = PBXFileReference; lastKnownFileType = sourcecode.c.h; name = OscArg.h; path = ../blocks/OSC/src/OscArg.h; sourceTree = "<group>"; };
		CD174A906D184945850AF89E /* b2Body.h */ = {isa = PBXFileReference; lastKnownFileType = sourcecode.c.h; name = b2Body.h; path = ../blocks/Box2D/src/Box2D/Dynamics/b2Body.h; sourceTree = "<group>"; };
		CD806B6367314589A6F49A36 /* b2EdgeAndPolygonContact.cpp */ = {isa = PBXFileReference; lastKnownFileType = sourcecode.c.cpp; name = b2EdgeAndPolygonContact.cpp; path = ../blocks/Box2D/src/Box2D/Dynamics/Contacts/b2EdgeAndPolygonContact.cpp; sourceTree = "<group>"; };
		CD89D0B0FC0E471F93736DB5 /* b2PolygonContact.cpp */ = {isa = PBXFileReference; lastKnownFileType = sourcecode.c.cpp; name = b2PolygonContact.cpp; path = ../blocks/Box2D/src/Box2D/Dynamics/Contacts/b2PolygonContact.cpp; sourceTree = "<group>"; };
		CFA9E3BABBE94150892B495C /* b2CircleContact.h */ = {isa = PBXFileReference; lastKnownFileType = sourcecode.c.h; name = b2CircleContact.h; path = ../blocks/Box2D/src/Box2D/Dynamics/Contacts/b2CircleContact.h; sourceTree = "<group>"; };
		D2270101B53043E2A1AC3138 /* Tap.cpp */ = {isa = PBXFileReference; lastKnownFileType = sourcecode.c.cpp; name = Tap.cpp; path = ../blocks/AudioUnit/src/Tap.cpp; sourceTree = "<group>"; };
		D29BA534A5CB44CEA64746E8 /* b2DistanceJoint.h */ = {isa = PBXFileReference; lastKnownFileType = sourcecode.c.h; name = b2DistanceJoint.h; path = ../blocks/Box2D/src/Box2D/Dynamics/Joints/b2DistanceJoint.h; sourceTree = "<group>"; };
		D545612764C244E7A53876E1 /* OscException.h */ = {isa = PBXFileReference; lastKnownFileType = sourcecode.c.h; name = OscException.h; path = ../blocks/OSC/src/osc/OscException.h; sourceTree = "<group>"; };
		D59273D5BECA48929821A8BD /* b2FrictionJoint.cpp */ = {isa = PBXFileReference; lastKnownFileType = sourcecode.c.cpp; name = b2FrictionJoint.cpp; path = ../blocks/Box2D/src/Box2D/Dynamics/Joints/b2FrictionJoint.cpp; sourceTree = "<group>"; };
		D78E0565788C47E19C00A407 /* OscPrintReceivedElements.cpp */ = {isa = PBXFileReference; lastKnownFileType = sourcecode.c.cpp; name = OscPrintReceivedElements.cpp; path = ../blocks/OSC/src/osc/OscPrintReceivedElements.cpp; sourceTree = "<group>"; };
		DF44E05EF32542A9A92297A1 /* IpEndpointName.cpp */ = {isa = PBXFileReference; lastKnownFileType = sourcecode.c.cpp; name = IpEndpointName.cpp; path = ../blocks/OSC/src/ip/IpEndpointName.cpp; sourceTree = "<group>"; };
		DFBDD6801134472D982F0156 /* b2Math.h */ = {isa = PBXFileReference; lastKnownFileType = sourcecode.c.h; name = b2Math.h; path = ../blocks/Box2D/src/Box2D/Common/b2Math.h; sourceTree = "<group>"; };
		E19D75D29AA74E00BE6E4F2B /* b2RopeJoint.cpp */ = {isa = PBXFileReference; lastKnownFileType = sourcecode.c.cpp; name = b2RopeJoint.cpp; path = ../blocks/Box2D/src/Box2D/Dynamics/Joints/b2RopeJoint.cpp; sourceTree = "<group>"; };
		E4FD430401AC4AE1BDE328FA /* b2WorldCallbacks.cpp */ = {isa = PBXFileReference; lastKnownFileType = sourcecode.c.cpp; name = b2WorldCallbacks.cpp; path = ../blocks/Box2D/src/Box2D/Dynamics/b2WorldCallbacks.cpp; sourceTree = "<group>"; };
		E8A33C85C451447E82C4548D /* OscReceivedElements.h */ = {isa = PBXFileReference; lastKnownFileType = sourcecode.c.h; name = OscReceivedElements.h; path = ../blocks/OSC/src/osc/OscReceivedElements.h; sourceTree = "<group>"; };
		E94756DC24284EC6BFD37EF0 /* b2Draw.h */ = {isa = PBXFileReference; lastKnownFileType = sourcecode.c.h; name = b2Draw.h; path = ../blocks/Box2D/src/Box2D/Common/b2Draw.h; sourceTree = "<group>"; };
		EAFE7EFA1DBB4D2B87ABE55A /* b2PulleyJoint.cpp */ = {isa = PBXFileReference; lastKnownFileType = sourcecode.c.cpp; name = b2PulleyJoint.cpp; path = ../blocks/Box2D/src/Box2D/Dynamics/Joints/b2PulleyJoint.cpp; sourceTree = "<group>"; };
		EB62546B06A140AC8817696B /* b2Joint.h */ = {isa = PBXFileReference; lastKnownFileType = sourcecode.c.h; name = b2Joint.h; path = ../blocks/Box2D/src/Box2D/Dynamics/Joints/b2Joint.h; sourceTree = "<group>"; };
		EE7797E6397243928EC16D9A /* OscTypes.cpp */ = {isa = PBXFileReference; lastKnownFileType = sourcecode.c.cpp; name = OscTypes.cpp; path = ../blocks/OSC/src/osc/OscTypes.cpp; sourceTree = "<group>"; };
		EFAD955DCA1F4CE9A1F81E81 /* Carbon.framework */ = {isa = PBXFileReference; lastKnownFileType = wrapper.framework; name = Carbon.framework; path = System/Library/Frameworks/Carbon.framework; sourceTree = SDKROOT; };
		EFEC571C406A43348CFD357F /* Info.plist */ = {isa = PBXFileReference; lastKnownFileType = text.plist.xml; path = Info.plist; sourceTree = "<group>"; };
		F00D3445424546A9AE7EB7E9 /* OscPacketListener.h */ = {isa = PBXFileReference; lastKnownFileType = sourcecode.c.h; name = OscPacketListener.h; path = ../blocks/OSC/src/osc/OscPacketListener.h; sourceTree = "<group>"; };
		F18BC740F148481894DB0AB4 /* b2ChainAndPolygonContact.cpp */ = {isa = PBXFileReference; lastKnownFileType = sourcecode.c.cpp; name = b2ChainAndPolygonContact.cpp; path = ../blocks/Box2D/src/Box2D/Dynamics/Contacts/b2ChainAndPolygonContact.cpp; sourceTree = "<group>"; };
		F53E14CA9F0049218FED59B1 /* b2Settings.h */ = {isa = PBXFileReference; lastKnownFileType = sourcecode.c.h; name = b2Settings.h; path = ../blocks/Box2D/src/Box2D/Common/b2Settings.h; sourceTree = "<group>"; };
		F603D47233AA4913A8B9A900 /* b2EdgeAndCircleContact.h */ = {isa = PBXFileReference; lastKnownFileType = sourcecode.c.h; name = b2EdgeAndCircleContact.h; path = ../blocks/Box2D/src/Box2D/Dynamics/Contacts/b2EdgeAndCircleContact.h; sourceTree = "<group>"; };
		F6EF7002DF5941C48282A2D0 /* b2RevoluteJoint.cpp */ = {isa = PBXFileReference; lastKnownFileType = sourcecode.c.cpp; name = b2RevoluteJoint.cpp; path = ../blocks/Box2D/src/Box2D/Dynamics/Joints/b2RevoluteJoint.cpp; sourceTree = "<group>"; };
		F80225ACEEDF4339997AE91B /* b2Joint.cpp */ = {isa = PBXFileReference; lastKnownFileType = sourcecode.c.cpp; name = b2Joint.cpp; path = ../blocks/Box2D/src/Box2D/Dynamics/Joints/b2Joint.cpp; sourceTree = "<group>"; };
		F8742476C27C40069296FD92 /* b2CircleShape.cpp */ = {isa = PBXFileReference; lastKnownFileType = sourcecode.c.cpp; name = b2CircleShape.cpp; path = ../blocks/Box2D/src/Box2D/Collision/Shapes/b2CircleShape.cpp; sourceTree = "<group>"; };
		F9563DFAB457410390E49EE6 /* OscListener.cpp */ = {isa = PBXFileReference; lastKnownFileType = sourcecode.c.cpp; name = OscListener.cpp; path = ../blocks/OSC/src/OscListener.cpp; sourceTree = "<group>"; };
		FA64B522357243A08A97AC78 /* b2DynamicTree.cpp */ = {isa = PBXFileReference; lastKnownFileType = sourcecode.c.cpp; name = b2DynamicTree.cpp; path = ../blocks/Box2D/src/Box2D/Collision/b2DynamicTree.cpp; sourceTree = "<group>"; };
		FA96D95999F74AE7B6EAF0DC /* b2StackAllocator.cpp */ = {isa = PBXFileReference; lastKnownFileType = sourcecode.c.cpp; name = b2StackAllocator.cpp; path = ../blocks/Box2D/src/Box2D/Common/b2StackAllocator.cpp; sourceTree = "<group>"; };
		FBAFF22D47B94DDDB04E2C8E /* b2PrismaticJoint.cpp */ = {isa = PBXFileReference; lastKnownFileType = sourcecode.c.cpp; name = b2PrismaticJoint.cpp; path = ../blocks/Box2D/src/Box2D/Dynamics/Joints/b2PrismaticJoint.cpp; sourceTree = "<group>"; };
		FBF65C14EF1244F8B266F540 /* NetSend.cpp */ = {isa = PBXFileReference; lastKnownFileType = sourcecode.c.cpp; name = NetSend.cpp; path = ../blocks/AudioUnit/src/NetSend.cpp; sourceTree = "<group>"; };
		FCFAD58A3B534F47B09CE4C4 /* b2Body.cpp */ = {isa = PBXFileReference; lastKnownFileType = sourcecode.c.cpp; name = b2Body.cpp; path = ../blocks/Box2D/src/Box2D/Dynamics/b2Body.cpp; sourceTree = "<group>"; };
		FDCDA793142D4C73AD07B58F /* b2PolygonShape.cpp */ = {isa = PBXFileReference; lastKnownFileType = sourcecode.c.cpp; name = b2PolygonShape.cpp; path = ../blocks/Box2D/src/Box2D/Collision/Shapes/b2PolygonShape.cpp; sourceTree = "<group>"; };
/* End PBXFileReference section */

/* Begin PBXFrameworksBuildPhase section */
		8D11072E0486CEB800E47090 /* Frameworks */ = {
			isa = PBXFrameworksBuildPhase;
			buildActionMask = 2147483647;
			files = (
				8D11072F0486CEB800E47090 /* Cocoa.framework in Frameworks */,
				8DF5E3D118ACD05700ABC729 /* Syphon.framework in Frameworks */,
				0091D8F90E81B9330029341E /* OpenGL.framework in Frameworks */,
				5323E6B20EAFCA74003A9687 /* CoreVideo.framework in Frameworks */,
				5323E6B60EAFCA7E003A9687 /* QTKit.framework in Frameworks */,
				00B784B30FF439BC000DE1D7 /* Accelerate.framework in Frameworks */,
				00B784B40FF439BC000DE1D7 /* AudioToolbox.framework in Frameworks */,
				00B784B50FF439BC000DE1D7 /* AudioUnit.framework in Frameworks */,
				00B784B60FF439BC000DE1D7 /* CoreAudio.framework in Frameworks */,
				445F4D76248C4CAB8E578E62 /* Carbon.framework in Frameworks */,
				DB0618FF01984DC9828BE013 /* CoreAudioKit.framework in Frameworks */,
				C74320092A474097B6A249D5 /* CoreMidi.framework in Frameworks */,
			);
			runOnlyForDeploymentPostprocessing = 0;
		};
/* End PBXFrameworksBuildPhase section */

/* Begin PBXGroup section */
		01B97315FEAEA392516A2CEA /* Blocks */ = {
			isa = PBXGroup;
			children = (
				8DF5E3CC18ACD03E00ABC729 /* Syphon */,
				D0E2CD50255D42ABBE65D9EB /* Box2D */,
				8FB19AB0ED3A413E8EC362A3 /* AudioUnit */,
				354833CBBB01444F828657DF /* OSC */,
			);
			name = Blocks;
			sourceTree = "<group>";
		};
		080E96DDFE201D6D7F000001 /* Source */ = {
			isa = PBXGroup;
			children = (
				768223C500904861A0B826E8 /* BBPulseApp.cpp */,
			);
			name = Source;
			sourceTree = "<group>";
		};
		0C85AB18920F476B9CC9F82C /* Dynamics */ = {
			isa = PBXGroup;
			children = (
				FCFAD58A3B534F47B09CE4C4 /* b2Body.cpp */,
				3B7BA3A69E4D456DBDAAFBDB /* b2ContactManager.cpp */,
				6C22F92E6FB1448EA30A7F29 /* b2Fixture.cpp */,
				3018FBBFC094454DA5C47251 /* b2Island.cpp */,
				A33BE41E429E4C95B4AE1A62 /* b2World.cpp */,
				E4FD430401AC4AE1BDE328FA /* b2WorldCallbacks.cpp */,
				CD174A906D184945850AF89E /* b2Body.h */,
				0179FF836B0F4BF0B819F292 /* b2ContactManager.h */,
				271CEC96198C4F2D8454E2D5 /* b2Fixture.h */,
				73C26D78A9EC46FFBAB574B1 /* b2Island.h */,
				69EF4D92892A46ED8E71A972 /* b2TimeStep.h */,
				431A0ADC01FA47CEA2692917 /* b2World.h */,
				2C2C3C4E8B4D492583789B89 /* b2WorldCallbacks.h */,
				4C63BFFB019547A8A5B70A8E /* Contacts */,
				AEA5B27E5B314B2BB11D182F /* Joints */,
			);
			name = Dynamics;
			sourceTree = "<group>";
		};
		1058C7A0FEA54F0111CA2CBB /* Linked Frameworks */ = {
			isa = PBXGroup;
			children = (
				00B784AF0FF439BC000DE1D7 /* Accelerate.framework */,
				00B784B00FF439BC000DE1D7 /* AudioToolbox.framework */,
				00B784B10FF439BC000DE1D7 /* AudioUnit.framework */,
				00B784B20FF439BC000DE1D7 /* CoreAudio.framework */,
				5323E6B50EAFCA7E003A9687 /* QTKit.framework */,
				5323E6B10EAFCA74003A9687 /* CoreVideo.framework */,
				0091D8F80E81B9330029341E /* OpenGL.framework */,
				1058C7A1FEA54F0111CA2CBB /* Cocoa.framework */,
			);
			name = "Linked Frameworks";
			sourceTree = "<group>";
		};
		1058C7A2FEA54F0111CA2CBB /* Other Frameworks */ = {
			isa = PBXGroup;
			children = (
				29B97324FDCFA39411CA2CEA /* AppKit.framework */,
				29B97325FDCFA39411CA2CEA /* Foundation.framework */,
			);
			name = "Other Frameworks";
			sourceTree = "<group>";
		};
		19C28FACFE9D520D11CA2CBB /* Products */ = {
			isa = PBXGroup;
			children = (
				8D1107320486CEB800E47090 /* BBPulse.app */,
			);
			name = Products;
			sourceTree = "<group>";
		};
		1E88B8D34F9E46798215942B /* Shapes */ = {
			isa = PBXGroup;
			children = (
				5BCEE42DD3EE4D7BB0D55C0E /* b2ChainShape.cpp */,
				F8742476C27C40069296FD92 /* b2CircleShape.cpp */,
				1DE88CB3B4724B899529EB16 /* b2EdgeShape.cpp */,
				FDCDA793142D4C73AD07B58F /* b2PolygonShape.cpp */,
				2094D91414A64E92902FC304 /* b2ChainShape.h */,
				95ED42CDA49A41EAB9851163 /* b2CircleShape.h */,
				5B43A4652B9F4FF786D2C4C8 /* b2EdgeShape.h */,
				A11B8092EA674B0B86E4A2E5 /* b2PolygonShape.h */,
				39A69A0B66094144BC417559 /* b2Shape.h */,
			);
			name = Shapes;
			sourceTree = "<group>";
		};
		29B97314FDCFA39411CA2CEA /* BBPulse */ = {
			isa = PBXGroup;
			children = (
				01B97315FEAEA392516A2CEA /* Blocks */,
				29B97315FDCFA39411CA2CEA /* Headers */,
				080E96DDFE201D6D7F000001 /* Source */,
				29B97317FDCFA39411CA2CEA /* Resources */,
				29B97323FDCFA39411CA2CEA /* Frameworks */,
				19C28FACFE9D520D11CA2CBB /* Products */,
			);
			name = BBPulse;
			sourceTree = "<group>";
		};
		29B97315FDCFA39411CA2CEA /* Headers */ = {
			isa = PBXGroup;
			children = (
				6E7FFD8B368F4503AC7017EF /* Resources.h */,
				56264D5E143144DAA235ECF7 /* BBPulse_Prefix.pch */,
			);
			name = Headers;
			sourceTree = "<group>";
		};
		29B97317FDCFA39411CA2CEA /* Resources */ = {
			isa = PBXGroup;
			children = (
				B971C8EFE53F476AA66B7271 /* CinderApp.icns */,
				EFEC571C406A43348CFD357F /* Info.plist */,
			);
			name = Resources;
			sourceTree = "<group>";
		};
		29B97323FDCFA39411CA2CEA /* Frameworks */ = {
			isa = PBXGroup;
			children = (
				1058C7A0FEA54F0111CA2CBB /* Linked Frameworks */,
				1058C7A2FEA54F0111CA2CBB /* Other Frameworks */,
				EFAD955DCA1F4CE9A1F81E81 /* Carbon.framework */,
				6E3EB43C33494012AF8D1BED /* CoreAudioKit.framework */,
				9522DFA7DDC446559BD7784D /* CoreMidi.framework */,
			);
			name = Frameworks;
			sourceTree = "<group>";
		};
		2DC9CFF94DE74DB8BF3A7F64 /* Rope */ = {
			isa = PBXGroup;
			children = (
				68769FF76C034B0DBDCFD334 /* b2Rope.cpp */,
				75BFE52BADE4496F828E506E /* b2Rope.h */,
			);
			name = Rope;
			sourceTree = "<group>";
		};
		354833CBBB01444F828657DF /* OSC */ = {
			isa = PBXGroup;
			children = (
				6F26BCAB4822472C953D7591 /* src */,
			);
			name = OSC;
			sourceTree = "<group>";
		};
		3E265871A3774AC09A191C79 /* include */ = {
			isa = PBXGroup;
			children = (
				3EA148B37DD34A90906A8DA3 /* AudioUnit.h */,
			);
			name = include;
			sourceTree = "<group>";
		};
		42B24A8FFBD24401882BD3AB /* Common */ = {
			isa = PBXGroup;
			children = (
				9FFB91BD64164E98969248A0 /* b2BlockAllocator.cpp */,
				29A543E061284CE9BC923F69 /* b2Draw.cpp */,
				3496A0CDA3254EFCA3EAFA38 /* b2Math.cpp */,
				98F091F0B76B477DA9FF7D4B /* b2Settings.cpp */,
				FA96D95999F74AE7B6EAF0DC /* b2StackAllocator.cpp */,
				1817EC6F9B594DC7AB07EFB9 /* b2Timer.cpp */,
				7680AA7BE4244737B0BC5E6E /* b2BlockAllocator.h */,
				E94756DC24284EC6BFD37EF0 /* b2Draw.h */,
				7E0E2152C271498F89919F54 /* b2GrowableStack.h */,
				DFBDD6801134472D982F0156 /* b2Math.h */,
				F53E14CA9F0049218FED59B1 /* b2Settings.h */,
				88D6A0A7D32D492E8E973F3F /* b2StackAllocator.h */,
				8B94528E802D41C092FBD810 /* b2Timer.h */,
			);
			name = Common;
			sourceTree = "<group>";
		};
		4C63BFFB019547A8A5B70A8E /* Contacts */ = {
			isa = PBXGroup;
			children = (
				93B6F2F84D3447F0A15FB50F /* b2ChainAndCircleContact.cpp */,
				F18BC740F148481894DB0AB4 /* b2ChainAndPolygonContact.cpp */,
				542B081387BD47A18964C456 /* b2CircleContact.cpp */,
				0C3BC8971023430E8894006A /* b2Contact.cpp */,
				93E23FD8785A44A5B5139E2A /* b2ContactSolver.cpp */,
				80A52CC405C1412DA7168020 /* b2EdgeAndCircleContact.cpp */,
				CD806B6367314589A6F49A36 /* b2EdgeAndPolygonContact.cpp */,
				BB893BE5787E4C12B938B483 /* b2PolygonAndCircleContact.cpp */,
				CD89D0B0FC0E471F93736DB5 /* b2PolygonContact.cpp */,
				02E7198666B54494ACD36542 /* b2ChainAndCircleContact.h */,
				C2C1AED7774B452AB081F79C /* b2ChainAndPolygonContact.h */,
				CFA9E3BABBE94150892B495C /* b2CircleContact.h */,
				A15B726667CF4701988CE351 /* b2Contact.h */,
				3A1DCCC93F3D426F957B0FF4 /* b2ContactSolver.h */,
				F603D47233AA4913A8B9A900 /* b2EdgeAndCircleContact.h */,
				8E014B35D24A466684FFE45B /* b2EdgeAndPolygonContact.h */,
				A034ED0AF85F4FA79B5C69B1 /* b2PolygonAndCircleContact.h */,
				44D5DC59830741B2A4978E50 /* b2PolygonContact.h */,
			);
			name = Contacts;
			sourceTree = "<group>";
		};
		50FC4EEB30C04AC2A17BBB09 /* Box2D */ = {
			isa = PBXGroup;
			children = (
				6860124659054A3FBFD140AB /* Collision */,
				42B24A8FFBD24401882BD3AB /* Common */,
				0C85AB18920F476B9CC9F82C /* Dynamics */,
				2DC9CFF94DE74DB8BF3A7F64 /* Rope */,
				44E13BB04C0E4272BBF9220C /* Box2d.h */,
			);
			name = Box2D;
			sourceTree = "<group>";
		};
		6860124659054A3FBFD140AB /* Collision */ = {
			isa = PBXGroup;
			children = (
				BAB23E0E75CE44DFA9C3361B /* b2BroadPhase.cpp */,
				2C0FC6EC1E7540FA9E63EE64 /* b2CollideCircle.cpp */,
				A101F1FC081241F7B5772DE1 /* b2CollideEdge.cpp */,
				A7C12DA967DC4017A9DAFD54 /* b2CollidePolygon.cpp */,
				912C462E48B44A59A2015561 /* b2Collision.cpp */,
				1E3576653D1640A8B2FBF39F /* b2Distance.cpp */,
				FA64B522357243A08A97AC78 /* b2DynamicTree.cpp */,
				7A0835F457B44B59B8B7AE1C /* b2TimeOfImpact.cpp */,
				AA60F9CAF5694E4DB3EBE545 /* b2BroadPhase.h */,
				3E8A7F0D796249BE9B0062E6 /* b2Collision.h */,
				64645D2D0CC44A28BB97EEDB /* b2Distance.h */,
				C4BABDD3DE304EA1944C62BE /* b2DynamicTree.h */,
				48550797452C4ED29F06E540 /* b2TimeOfImpact.h */,
				1E88B8D34F9E46798215942B /* Shapes */,
			);
			name = Collision;
			sourceTree = "<group>";
		};
		6F26BCAB4822472C953D7591 /* src */ = {
			isa = PBXGroup;
			children = (
				3524CE127D824C16A54C709F /* OscBundle.cpp */,
				F9563DFAB457410390E49EE6 /* OscListener.cpp */,
				B3FBE16EC34B40C8B25A2651 /* OscMessage.cpp */,
				83ADC1073962472F9665346B /* OscSender.cpp */,
				A6C6888F13554B8AABD9A7A7 /* ip */,
				AFD650F02BB44FC9AD4F9941 /* osc */,
				CB4715DDBCB44598B6F2AB84 /* OscArg.h */,
				1BA6C4DC15BC43AEAF09F29E /* OscBundle.h */,
				0745C667C9EF49B3B1D2D282 /* OscListener.h */,
				71A66C0F8BB648F0B3FC708D /* OscMessage.h */,
				18F3EEF2707048DEB8B4B1D8 /* OscSender.h */,
			);
			name = src;
			sourceTree = "<group>";
		};
		8DF5E3CC18ACD03E00ABC729 /* Syphon */ = {
			isa = PBXGroup;
			children = (
				8DF5E3D518ACD06600ABC729 /* src */,
				8DF5E3D318ACD06000ABC729 /* README */,
				8DF5E3CD18ACD05700ABC729 /* lib */,
			);
			name = Syphon;
			sourceTree = "<group>";
		};
		8DF5E3CD18ACD05700ABC729 /* lib */ = {
			isa = PBXGroup;
			children = (
				8DF5E3CE18ACD05700ABC729 /* Syphon.framework */,
				8DF5E3CF18ACD05700ABC729 /* SyphonNameboundClient.h */,
				8DF5E3D018ACD05700ABC729 /* SyphonNameboundClient.m */,
			);
			path = lib;
			sourceTree = "<group>";
		};
		8DF5E3D518ACD06600ABC729 /* src */ = {
			isa = PBXGroup;
			children = (
				8DF5E3D618ACD06600ABC729 /* cinderSyphon.h */,
				8DF5E3D718ACD06600ABC729 /* syphonClient.h */,
				8DF5E3D818ACD06600ABC729 /* syphonClient.mm */,
				8DF5E3D918ACD06600ABC729 /* syphonServer.h */,
				8DF5E3DA18ACD06600ABC729 /* syphonServer.mm */,
			);
			path = src;
			sourceTree = "<group>";
		};
		8FB19AB0ED3A413E8EC362A3 /* AudioUnit */ = {
			isa = PBXGroup;
			children = (
				3E265871A3774AC09A191C79 /* include */,
				B29F1B1C673C4F28A4DEA0BA /* src */,
			);
			name = AudioUnit;
			sourceTree = "<group>";
		};
		A6C6888F13554B8AABD9A7A7 /* ip */ = {
			isa = PBXGroup;
			children = (
				DF44E05EF32542A9A92297A1 /* IpEndpointName.cpp */,
				CAE4C7AD7EA249DA9F5C9C9C /* IpEndpointName.h */,
				45992659F11E40FA89DA316E /* NetworkingUtils.h */,
				381B95311D7344A7832A9D48 /* PacketListener.h */,
				0EE60AFBC42D49DD94C78ED1 /* TimerListener.h */,
				8AA32F1A81FD40CFB48E5135 /* UdpSocket.h */,
				D68AC811EAFD47B984767731 /* posix */,
			);
			name = ip;
			sourceTree = "<group>";
		};
		AEA5B27E5B314B2BB11D182F /* Joints */ = {
			isa = PBXGroup;
			children = (
				5DB66D7AF94E4BE29EB03FBB /* b2DistanceJoint.cpp */,
				D59273D5BECA48929821A8BD /* b2FrictionJoint.cpp */,
				B9057FBB3829466BB3FAC7CB /* b2GearJoint.cpp */,
				F80225ACEEDF4339997AE91B /* b2Joint.cpp */,
				2742BE4FE4D04910A4F4A67A /* b2MouseJoint.cpp */,
				FBAFF22D47B94DDDB04E2C8E /* b2PrismaticJoint.cpp */,
				EAFE7EFA1DBB4D2B87ABE55A /* b2PulleyJoint.cpp */,
				F6EF7002DF5941C48282A2D0 /* b2RevoluteJoint.cpp */,
				E19D75D29AA74E00BE6E4F2B /* b2RopeJoint.cpp */,
				15C29952FE4B48BCA139ADE6 /* b2WeldJoint.cpp */,
				A55FD6F222654AB4B8065882 /* b2WheelJoint.cpp */,
				D29BA534A5CB44CEA64746E8 /* b2DistanceJoint.h */,
				15CD63B76B6B4061A5A66D09 /* b2FrictionJoint.h */,
				9D1ED132CF3B4E09B69202AE /* b2GearJoint.h */,
				EB62546B06A140AC8817696B /* b2Joint.h */,
				930665E2F7EA4DF3B5E0E511 /* b2MouseJoint.h */,
				670AC8615327411E8324DD4B /* b2PrismaticJoint.h */,
				8BA0CD610C99494CB116A60A /* b2PulleyJoint.h */,
				9CAAA97E0C994B30ADF3F9FC /* b2RevoluteJoint.h */,
				25D7C4F67FB144E4A7DFDF94 /* b2RopeJoint.h */,
				B8402E1DD8F44E3EB7A488F5 /* b2WeldJoint.h */,
				7C4BC9C6E5244AE7BBE5BF68 /* b2WheelJoint.h */,
			);
			name = Joints;
			sourceTree = "<group>";
		};
		AFD650F02BB44FC9AD4F9941 /* osc */ = {
			isa = PBXGroup;
			children = (
				B7C944D9FA674C1FB3D49119 /* OscOutboundPacketStream.cpp */,
				D78E0565788C47E19C00A407 /* OscPrintReceivedElements.cpp */,
				00DC29E46B0A4EF28CC736F2 /* OscReceivedElements.cpp */,
				EE7797E6397243928EC16D9A /* OscTypes.cpp */,
				7FC782B5729B4B05AE7B58EC /* MessageMappingOscPacketListener.h */,
				D545612764C244E7A53876E1 /* OscException.h */,
				319E691789D04FDA9EDCDA84 /* OscHostEndianness.h */,
				1BEF1136CD344B5C8AE76942 /* OscOutboundPacketStream.h */,
				F00D3445424546A9AE7EB7E9 /* OscPacketListener.h */,
				775E8CBAC97B446A9C7648C7 /* OscPrintReceivedElements.h */,
				E8A33C85C451447E82C4548D /* OscReceivedElements.h */,
				15E620D789D841E4AA912485 /* OscTypes.h */,
			);
			name = osc;
			sourceTree = "<group>";
		};
		B29F1B1C673C4F28A4DEA0BA /* src */ = {
			isa = PBXGroup;
			children = (
				1B4744DC56FB4ABDBF251E5D /* FilePlayer.cpp */,
				53C272B35FFF47EA82CB9D30 /* GenericUnit.cpp */,
				977DA43984A74994801B5AAD /* Input.cpp */,
				94E33204F11C4483AB019790 /* Midi.cpp */,
				B592B8F2D0A14259A5F5EC8C /* Mixer.cpp */,
				25D6CAA1E84E4A728F3A3627 /* NetReceive.cpp */,
				FBF65C14EF1244F8B266F540 /* NetSend.cpp */,
				74076DCF18CB43D0956452C1 /* Output.cpp */,
				616D8566763A4760BF341C59 /* Sampler.cpp */,
				99441805D71A4B86A7565D30 /* SpeechSynth.cpp */,
				D2270101B53043E2A1AC3138 /* Tap.cpp */,
				A2130F38076C4822970F7AD2 /* GUI.mm */,
				88C396D9CB524CA19DB8F3BD /* AudioUnitMidi.h */,
				699F04D1B0334A6FA6C30463 /* AudioUnitTap.h */,
				B3AED798B9454EE9A7ECB572 /* AudioUnitTypes.h */,
				5C7DBF6C0BE24D7CA49122A9 /* AudioUnitUtils.h */,
				9579076FC34E4E7F91E054FC /* GenericUnit.h */,
				334446809BFB4686B8E0BB8E /* GenericUnitSubclasses.h */,
				BCF20C7D4EBF4C22B5E96748 /* TPCircularBuffer */,
			);
			name = src;
			sourceTree = "<group>";
		};
		BCF20C7D4EBF4C22B5E96748 /* TPCircularBuffer */ = {
			isa = PBXGroup;
			children = (
				55CA520462B14888BD928F4D /* TPCircularBuffer.cpp */,
				3EE02723C19846BAA84E3A4A /* TPCircularBuffer.h */,
			);
			name = TPCircularBuffer;
			sourceTree = "<group>";
		};
		D0E2CD50255D42ABBE65D9EB /* Box2D */ = {
			isa = PBXGroup;
			children = (
				D0FF61FA34E0413DBDFD1EAC /* src */,
			);
			name = Box2D;
			sourceTree = "<group>";
		};
		D0FF61FA34E0413DBDFD1EAC /* src */ = {
			isa = PBXGroup;
			children = (
				50FC4EEB30C04AC2A17BBB09 /* Box2D */,
			);
			name = src;
			sourceTree = "<group>";
		};
		D68AC811EAFD47B984767731 /* posix */ = {
			isa = PBXGroup;
			children = (
				4E92FEFCD777405E89CBD6F7 /* NetworkingUtils.cpp */,
				142D46B436B445AF82A9BAF8 /* UdpSocket.cpp */,
			);
			name = posix;
			sourceTree = "<group>";
		};
/* End PBXGroup section */

/* Begin PBXNativeTarget section */
		8D1107260486CEB800E47090 /* BBPulse */ = {
			isa = PBXNativeTarget;
			buildConfigurationList = C01FCF4A08A954540054247B /* Build configuration list for PBXNativeTarget "BBPulse" */;
			buildPhases = (
				8D1107290486CEB800E47090 /* Resources */,
				8D11072C0486CEB800E47090 /* Sources */,
				8D11072E0486CEB800E47090 /* Frameworks */,
				8DF5E3DD18ACD07400ABC729 /* CopyFiles */,
			);
			buildRules = (
			);
			dependencies = (
			);
			name = BBPulse;
			productInstallPath = "$(HOME)/Applications";
			productName = BBPulse;
			productReference = 8D1107320486CEB800E47090 /* BBPulse.app */;
			productType = "com.apple.product-type.application";
		};
/* End PBXNativeTarget section */

/* Begin PBXProject section */
		29B97313FDCFA39411CA2CEA /* Project object */ = {
			isa = PBXProject;
			attributes = {
			};
			buildConfigurationList = C01FCF4E08A954540054247B /* Build configuration list for PBXProject "BBPulse" */;
			compatibilityVersion = "Xcode 3.2";
			developmentRegion = English;
			hasScannedForEncodings = 1;
			knownRegions = (
				English,
				Japanese,
				French,
				German,
			);
			mainGroup = 29B97314FDCFA39411CA2CEA /* BBPulse */;
			projectDirPath = "";
			projectRoot = "";
			targets = (
				8D1107260486CEB800E47090 /* BBPulse */,
			);
		};
/* End PBXProject section */

/* Begin PBXResourcesBuildPhase section */
		8D1107290486CEB800E47090 /* Resources */ = {
			isa = PBXResourcesBuildPhase;
			buildActionMask = 2147483647;
			files = (
				8DF5E3D418ACD06000ABC729 /* README in Resources */,
				5E1C5C361A7F417AA814795A /* CinderApp.icns in Resources */,
			);
			runOnlyForDeploymentPostprocessing = 0;
		};
/* End PBXResourcesBuildPhase section */

/* Begin PBXSourcesBuildPhase section */
		8D11072C0486CEB800E47090 /* Sources */ = {
			isa = PBXSourcesBuildPhase;
			buildActionMask = 2147483647;
			files = (
				2B67EE744E99497781FCE2E9 /* BBPulseApp.cpp in Sources */,
				5B902F877AB6421C99EDBD41 /* b2BroadPhase.cpp in Sources */,
				9ED41F0BE5AF429699C685E7 /* b2CollideCircle.cpp in Sources */,
				0F2051A9617E462D91843B30 /* b2CollideEdge.cpp in Sources */,
				0E1E5266ACE94DE9806BA9A4 /* b2CollidePolygon.cpp in Sources */,
				A03D16D1B3D2412EA5AE798A /* b2Collision.cpp in Sources */,
				9B077E5A79E04552BE07AFB8 /* b2Distance.cpp in Sources */,
				9EF69FA9AB274A0CA3B0EF20 /* b2DynamicTree.cpp in Sources */,
				4B2EF2105E054E668FA075E2 /* b2TimeOfImpact.cpp in Sources */,
				B6516A822B7542E0961DB5C3 /* b2ChainShape.cpp in Sources */,
				86BCE8FDA44F460FAAFDEF0B /* b2CircleShape.cpp in Sources */,
				CEE0BFE8BE444E89BBC2D077 /* b2EdgeShape.cpp in Sources */,
				13432E02826444049A055A1A /* b2PolygonShape.cpp in Sources */,
				F0DD490930CB40D2A60B1ACE /* b2BlockAllocator.cpp in Sources */,
				AC130C87B72E47359DCA415D /* b2Draw.cpp in Sources */,
				8DF5E3DB18ACD06600ABC729 /* syphonClient.mm in Sources */,
				7A91942D5C5647A0AAFA6A6C /* b2Math.cpp in Sources */,
				76002B66D9C446D6B4D0CD4D /* b2Settings.cpp in Sources */,
				BC8278D70E424942862D5EC3 /* b2StackAllocator.cpp in Sources */,
				ECD20AA749A14AD7B38C0128 /* b2Timer.cpp in Sources */,
				E16053AFE86543B08E31F2F9 /* b2Body.cpp in Sources */,
				D77FA6B35286492FA3BEC593 /* b2ContactManager.cpp in Sources */,
				0346D78B01564F08B8F02A3E /* b2Fixture.cpp in Sources */,
				EBA7F4A28F3A4367A434B400 /* b2Island.cpp in Sources */,
				D13D4A32A36C44958577F446 /* b2World.cpp in Sources */,
				0BB55F4A58B64F70BFF8AF5C /* b2WorldCallbacks.cpp in Sources */,
				8C9BA37E5CBA4BEEA1391951 /* b2ChainAndCircleContact.cpp in Sources */,
				63651A0998F34761825871B2 /* b2ChainAndPolygonContact.cpp in Sources */,
				6BE91BBDAB7E4B1CAF9A20F9 /* b2CircleContact.cpp in Sources */,
				E5DC8586DF5A46C0A662A91C /* b2Contact.cpp in Sources */,
				1A2299083E9D42C998FCA610 /* b2ContactSolver.cpp in Sources */,
				4AA665563C594DDCB3EA9DE4 /* b2EdgeAndCircleContact.cpp in Sources */,
				A11DC909A4154331A0067752 /* b2EdgeAndPolygonContact.cpp in Sources */,
				94414E8BFA92431B8FF99F20 /* b2PolygonAndCircleContact.cpp in Sources */,
				38B5451C60E74D4DBD432831 /* b2PolygonContact.cpp in Sources */,
				2D9614D810B1409A86614109 /* b2DistanceJoint.cpp in Sources */,
				2CF74ABFF7BE4669897B0AB3 /* b2FrictionJoint.cpp in Sources */,
				612E2B5B5DB546458BC6F3A8 /* b2GearJoint.cpp in Sources */,
				B1DF3085EA3749D99BB9F132 /* b2Joint.cpp in Sources */,
				6765061698EA498AA976D313 /* b2MouseJoint.cpp in Sources */,
				0A326E8BD80C454CB19E69C0 /* b2PrismaticJoint.cpp in Sources */,
				AD329715FFAE4099B8A6B58B /* b2PulleyJoint.cpp in Sources */,
				8DF5E3D218ACD05700ABC729 /* SyphonNameboundClient.m in Sources */,
				17D26C115A6E44EDA68022F5 /* b2RevoluteJoint.cpp in Sources */,
				C8C9FCBBBE3B424C9584AA00 /* b2RopeJoint.cpp in Sources */,
				CCB4705056064269A8CDFF47 /* b2WeldJoint.cpp in Sources */,
				D26BB2A89A884CD9AA0B12C1 /* b2WheelJoint.cpp in Sources */,
				C949BAE9AF984D5B9BBBB345 /* b2Rope.cpp in Sources */,
				F11F858DBF0C4EBE9551EB0A /* FilePlayer.cpp in Sources */,
				E1480F2040034F95AA12F816 /* GenericUnit.cpp in Sources */,
				32EC5C2EDEB745D299C64FCE /* Input.cpp in Sources */,
				DF2AC4B8BEF846E89DADA719 /* Midi.cpp in Sources */,
				A195EAF16BA440C3AF817F62 /* Mixer.cpp in Sources */,
				8DF5E3DC18ACD06600ABC729 /* syphonServer.mm in Sources */,
				B74B277E4FC244588355E591 /* NetReceive.cpp in Sources */,
				7856D910E2B9423B9F018837 /* NetSend.cpp in Sources */,
				AA751CDB0E1B4CBC8FA46E55 /* Output.cpp in Sources */,
				0459A7F7433545FCBF57F91B /* Sampler.cpp in Sources */,
				2AEF26BBE9EF45D397FC419F /* SpeechSynth.cpp in Sources */,
				6BB121C69B184E1483CB86A2 /* Tap.cpp in Sources */,
				C36DB053471541BBAD6E6E58 /* GUI.mm in Sources */,
				0C9E07E5EC71469DABF3FCBB /* TPCircularBuffer.cpp in Sources */,
				282ED452D4ED44A0BEC221A6 /* OscBundle.cpp in Sources */,
				8F8D3457F8934D28BB4B581F /* OscListener.cpp in Sources */,
				31F6C4B0EDCE41A1996CBD7C /* OscMessage.cpp in Sources */,
				022EA3D149C64166A65D9FAD /* OscSender.cpp in Sources */,
				3AC6260BE71847F0B3E4EA89 /* IpEndpointName.cpp in Sources */,
				5ACE48FF8B774790979783AE /* OscOutboundPacketStream.cpp in Sources */,
				CE20E494A777422B9426476A /* OscPrintReceivedElements.cpp in Sources */,
				7EBAB48F3944482F96B6010F /* OscReceivedElements.cpp in Sources */,
				D16103D993794BF9B56B250D /* OscTypes.cpp in Sources */,
				B695D0CB5EEC4BD4AC18ACE8 /* NetworkingUtils.cpp in Sources */,
				419814D526DB4FFABF12B385 /* UdpSocket.cpp in Sources */,
			);
			runOnlyForDeploymentPostprocessing = 0;
		};
/* End PBXSourcesBuildPhase section */

/* Begin XCBuildConfiguration section */
		C01FCF4B08A954540054247B /* Debug */ = {
			isa = XCBuildConfiguration;
			buildSettings = {
				COMBINE_HIDPI_IMAGES = YES;
				COPY_PHASE_STRIP = NO;
				DEAD_CODE_STRIPPING = YES;
				FRAMEWORK_SEARCH_PATHS = (
					"$(inherited)",
					/Users/benedikt/BBPulse/xcode/lib,
				);
				GCC_DYNAMIC_NO_PIC = NO;
				GCC_INLINES_ARE_PRIVATE_EXTERN = YES;
				GCC_OPTIMIZATION_LEVEL = 0;
				GCC_PRECOMPILE_PREFIX_HEADER = YES;
				GCC_PREFIX_HEADER = BBPulse_Prefix.pch;
				GCC_PREPROCESSOR_DEFINITIONS = (
					"DEBUG=1",
					"$(inherited)",
				);
				GCC_SYMBOLS_PRIVATE_EXTERN = NO;
				INFOPLIST_FILE = Info.plist;
				INSTALL_PATH = "$(HOME)/Applications";
				MACOSX_DEPLOYMENT_TARGET = 10.8;
				OTHER_LDFLAGS = "\"$(CINDER_PATH)/lib/libcinder_d.a\"";
				PRODUCT_NAME = BBPulse;
				SYMROOT = ./build;
				WRAPPER_EXTENSION = app;
			};
			name = Debug;
		};
		C01FCF4C08A954540054247B /* Release */ = {
			isa = XCBuildConfiguration;
			buildSettings = {
				COMBINE_HIDPI_IMAGES = YES;
				DEAD_CODE_STRIPPING = YES;
				DEBUG_INFORMATION_FORMAT = "dwarf-with-dsym";
				FRAMEWORK_SEARCH_PATHS = (
					"$(inherited)",
					/Users/benedikt/BBPulse/xcode/lib,
				);
				GCC_FAST_MATH = YES;
				GCC_GENERATE_DEBUGGING_SYMBOLS = NO;
				GCC_INLINES_ARE_PRIVATE_EXTERN = YES;
				GCC_OPTIMIZATION_LEVEL = 3;
				GCC_PRECOMPILE_PREFIX_HEADER = YES;
				GCC_PREFIX_HEADER = BBPulse_Prefix.pch;
				GCC_SYMBOLS_PRIVATE_EXTERN = NO;
				INFOPLIST_FILE = Info.plist;
				INSTALL_PATH = "$(HOME)/Applications";
				MACOSX_DEPLOYMENT_TARGET = 10.8;
				OTHER_LDFLAGS = "\"$(CINDER_PATH)/lib/libcinder.a\"";
				PRODUCT_NAME = BBPulse;
				STRIP_INSTALLED_PRODUCT = YES;
				SYMROOT = ./build;
				WRAPPER_EXTENSION = app;
			};
			name = Release;
		};
		C01FCF4F08A954540054247B /* Debug */ = {
			isa = XCBuildConfiguration;
			buildSettings = {
				ALWAYS_SEARCH_USER_PATHS = NO;
				ARCHS = i386;
				CINDER_PATH = ../../../../Applications/cinder_0.8.5_mac;
				CLANG_CXX_LANGUAGE_STANDARD = "c++0x";
				CLANG_CXX_LIBRARY = "libc++";
				GCC_WARN_ABOUT_RETURN_TYPE = YES;
				GCC_WARN_UNUSED_VARIABLE = YES;
				HEADER_SEARCH_PATHS = (
					"\"$(CINDER_PATH)/boost\"",
					../blocks/Box2D/src,
				);
				MACOSX_DEPLOYMENT_TARGET = 10.7;
				SDKROOT = macosx;
				USER_HEADER_SEARCH_PATHS = "\"$(CINDER_PATH)/include\" ../include ../blocks/AudioUnit/include ../blocks/OSC/src";
			};
			name = Debug;
		};
		C01FCF5008A954540054247B /* Release */ = {
			isa = XCBuildConfiguration;
			buildSettings = {
				ALWAYS_SEARCH_USER_PATHS = NO;
				ARCHS = i386;
				CINDER_PATH = ../../../../Applications/cinder_0.8.5_mac;
				CLANG_CXX_LANGUAGE_STANDARD = "c++0x";
				CLANG_CXX_LIBRARY = "libc++";
				GCC_WARN_ABOUT_RETURN_TYPE = YES;
				GCC_WARN_UNUSED_VARIABLE = YES;
				HEADER_SEARCH_PATHS = (
					"\"$(CINDER_PATH)/boost\"",
					../blocks/Box2D/src,
				);
				MACOSX_DEPLOYMENT_TARGET = 10.7;
				SDKROOT = macosx;
				USER_HEADER_SEARCH_PATHS = "\"$(CINDER_PATH)/include\" ../include ../blocks/AudioUnit/include ../blocks/OSC/src";
			};
			name = Release;
		};
/* End XCBuildConfiguration section */

/* Begin XCConfigurationList section */
		C01FCF4A08A954540054247B /* Build configuration list for PBXNativeTarget "BBPulse" */ = {
			isa = XCConfigurationList;
			buildConfigurations = (
				C01FCF4B08A954540054247B /* Debug */,
				C01FCF4C08A954540054247B /* Release */,
			);
			defaultConfigurationIsVisible = 0;
			defaultConfigurationName = Release;
		};
		C01FCF4E08A954540054247B /* Build configuration list for PBXProject "BBPulse" */ = {
			isa = XCConfigurationList;
			buildConfigurations = (
				C01FCF4F08A954540054247B /* Debug */,
				C01FCF5008A954540054247B /* Release */,
			);
			defaultConfigurationIsVisible = 0;
			defaultConfigurationName = Release;
		};
/* End XCConfigurationList section */
	};
	rootObject = 29B97313FDCFA39411CA2CEA /* Project object */;
}
